// !$*UTF8*$!
{
	archiveVersion = 1;
	classes = {
	};
	objectVersion = 46;
	objects = {

/* Begin PBXBuildFile section */
		22E2867A1C1751E4003D515D /* libcore_icu_NativeBreakIterator.cpp in Sources */ = {isa = PBXBuildFile; fileRef = 22E286791C1751E4003D515D /* libcore_icu_NativeBreakIterator.cpp */; };
		22E2867C1C175F0A003D515D /* libcore_icu_NativeCollation.cpp in Sources */ = {isa = PBXBuildFile; fileRef = 22E2867B1C175F0A003D515D /* libcore_icu_NativeCollation.cpp */; };
		22FC53E81C19D6AE008CA804 /* libcore_icu_Transliterator.cpp in Sources */ = {isa = PBXBuildFile; fileRef = 22FC53E71C19D6AE008CA804 /* libcore_icu_Transliterator.cpp */; };
		2384543019E2C5B2000DFC86 /* android_system_OsConstants.cpp in Sources */ = {isa = PBXBuildFile; fileRef = 238453F019E2C5B2000DFC86 /* android_system_OsConstants.cpp */; };
		2384543119E2C5B2000DFC86 /* AsynchronousCloseMonitor.cpp in Sources */ = {isa = PBXBuildFile; fileRef = 238453F119E2C5B2000DFC86 /* AsynchronousCloseMonitor.cpp */; };
		2384543319E2C5B2000DFC86 /* canonicalize_path.cpp in Sources */ = {isa = PBXBuildFile; fileRef = 238453F319E2C5B2000DFC86 /* canonicalize_path.cpp */; };
		2384543419E2C5B2000DFC86 /* cbigint.cpp in Sources */ = {isa = PBXBuildFile; fileRef = 238453F419E2C5B2000DFC86 /* cbigint.cpp */; };
		2384543619E2C5B2000DFC86 /* ExecStrings.cpp in Sources */ = {isa = PBXBuildFile; fileRef = 238453F619E2C5B2000DFC86 /* ExecStrings.cpp */; };
		2384543819E2C5B2000DFC86 /* IcuUtilities.cpp in Sources */ = {isa = PBXBuildFile; fileRef = 238453F819E2C5B2000DFC86 /* IcuUtilities.cpp */; };
		2384543A19E2C5B2000DFC86 /* java_io_File.cpp in Sources */ = {isa = PBXBuildFile; fileRef = 238453FA19E2C5B2000DFC86 /* java_io_File.cpp */; };
		2384543B19E2C5B2000DFC86 /* java_io_FileDescriptor.cpp in Sources */ = {isa = PBXBuildFile; fileRef = 238453FB19E2C5B2000DFC86 /* java_io_FileDescriptor.cpp */; };
		2384543C19E2C5B2000DFC86 /* java_io_ObjectStreamClass.cpp in Sources */ = {isa = PBXBuildFile; fileRef = 238453FC19E2C5B2000DFC86 /* java_io_ObjectStreamClass.cpp */; };
		2384543D19E2C5B2000DFC86 /* java_lang_Character.cpp in Sources */ = {isa = PBXBuildFile; fileRef = 238453FD19E2C5B2000DFC86 /* java_lang_Character.cpp */; };
		2384543E19E2C5B2000DFC86 /* java_lang_Double.cpp in Sources */ = {isa = PBXBuildFile; fileRef = 238453FE19E2C5B2000DFC86 /* java_lang_Double.cpp */; };
		2384543F19E2C5B2000DFC86 /* java_lang_Float.cpp in Sources */ = {isa = PBXBuildFile; fileRef = 238453FF19E2C5B2000DFC86 /* java_lang_Float.cpp */; };
		2384544019E2C5B2000DFC86 /* java_lang_Math.cpp in Sources */ = {isa = PBXBuildFile; fileRef = 2384540019E2C5B2000DFC86 /* java_lang_Math.cpp */; };
		2384544119E2C5B2000DFC86 /* java_lang_ProcessManager.cpp in Sources */ = {isa = PBXBuildFile; fileRef = 2384540119E2C5B2000DFC86 /* java_lang_ProcessManager.cpp */; };
		2384544219E2C5B2000DFC86 /* java_lang_RealToString.cpp in Sources */ = {isa = PBXBuildFile; fileRef = 2384540219E2C5B2000DFC86 /* java_lang_RealToString.cpp */; };
		2384544319E2C5B2000DFC86 /* java_lang_StrictMath.cpp in Sources */ = {isa = PBXBuildFile; fileRef = 2384540319E2C5B2000DFC86 /* java_lang_StrictMath.cpp */; };
		2384544419E2C5B2000DFC86 /* java_lang_StringToReal.cpp in Sources */ = {isa = PBXBuildFile; fileRef = 2384540419E2C5B2000DFC86 /* java_lang_StringToReal.cpp */; };
		2384544519E2C5B2000DFC86 /* java_lang_System.cpp in Sources */ = {isa = PBXBuildFile; fileRef = 2384540519E2C5B2000DFC86 /* java_lang_System.cpp */; };
		2384544619E2C5B2000DFC86 /* java_math_NativeBN.cpp in Sources */ = {isa = PBXBuildFile; fileRef = 2384540619E2C5B2000DFC86 /* java_math_NativeBN.cpp */; };
		2384544A19E2C5B2000DFC86 /* java_util_jar_StrictJarFile.cpp in Sources */ = {isa = PBXBuildFile; fileRef = 2384540A19E2C5B2000DFC86 /* java_util_jar_StrictJarFile.cpp */; };
		2384544B19E2C5B2000DFC86 /* java_util_regex_Matcher.cpp in Sources */ = {isa = PBXBuildFile; fileRef = 2384540B19E2C5B2000DFC86 /* java_util_regex_Matcher.cpp */; };
		2384544C19E2C5B2000DFC86 /* java_util_regex_Pattern.cpp in Sources */ = {isa = PBXBuildFile; fileRef = 2384540C19E2C5B2000DFC86 /* java_util_regex_Pattern.cpp */; };
		2384544D19E2C5B2000DFC86 /* java_util_zip_Adler32.cpp in Sources */ = {isa = PBXBuildFile; fileRef = 2384540D19E2C5B2000DFC86 /* java_util_zip_Adler32.cpp */; };
		2384544E19E2C5B2000DFC86 /* java_util_zip_CRC32.cpp in Sources */ = {isa = PBXBuildFile; fileRef = 2384540E19E2C5B2000DFC86 /* java_util_zip_CRC32.cpp */; };
		2384544F19E2C5B2000DFC86 /* java_util_zip_Deflater.cpp in Sources */ = {isa = PBXBuildFile; fileRef = 2384540F19E2C5B2000DFC86 /* java_util_zip_Deflater.cpp */; };
		2384545019E2C5B2000DFC86 /* java_util_zip_Inflater.cpp in Sources */ = {isa = PBXBuildFile; fileRef = 2384541019E2C5B2000DFC86 /* java_util_zip_Inflater.cpp */; };
		2384545119E2C5B2000DFC86 /* JniException.cpp in Sources */ = {isa = PBXBuildFile; fileRef = 2384541119E2C5B2000DFC86 /* JniException.cpp */; };
		2384545519E2C5B2000DFC86 /* libcore_icu_ICU.cpp in Sources */ = {isa = PBXBuildFile; fileRef = 2384541519E2C5B2000DFC86 /* libcore_icu_ICU.cpp */; };
		2384545819E2C5B2000DFC86 /* libcore_icu_NativeConverter.cpp in Sources */ = {isa = PBXBuildFile; fileRef = 2384541819E2C5B2000DFC86 /* libcore_icu_NativeConverter.cpp */; };
		2384545919E2C5B2000DFC86 /* libcore_icu_NativeDecimalFormat.cpp in Sources */ = {isa = PBXBuildFile; fileRef = 2384541919E2C5B2000DFC86 /* libcore_icu_NativeDecimalFormat.cpp */; };
		2384545D19E2C5B2000DFC86 /* libcore_icu_TimeZoneNames.cpp in Sources */ = {isa = PBXBuildFile; fileRef = 2384541D19E2C5B2000DFC86 /* libcore_icu_TimeZoneNames.cpp */; };
		2384545F19E2C5B2000DFC86 /* libcore_io_AsynchronousCloseMonitor.cpp in Sources */ = {isa = PBXBuildFile; fileRef = 2384541F19E2C5B2000DFC86 /* libcore_io_AsynchronousCloseMonitor.cpp */; };
		2384546019E2C5B2000DFC86 /* libcore_io_Memory.cpp in Sources */ = {isa = PBXBuildFile; fileRef = 2384542019E2C5B2000DFC86 /* libcore_io_Memory.cpp */; };
		2384546119E2C5B2000DFC86 /* libcore_io_Posix.cpp in Sources */ = {isa = PBXBuildFile; fileRef = 2384542119E2C5B2000DFC86 /* libcore_io_Posix.cpp */; };
		2384546319E2C5B2000DFC86 /* NetworkUtilities.cpp in Sources */ = {isa = PBXBuildFile; fileRef = 2384542319E2C5B2000DFC86 /* NetworkUtilities.cpp */; };
		2384546519E2C5B2000DFC86 /* org_apache_harmony_xml_ExpatParser.cpp in Sources */ = {isa = PBXBuildFile; fileRef = 2384542519E2C5B2000DFC86 /* org_apache_harmony_xml_ExpatParser.cpp */; };
		2384546719E2C5B2000DFC86 /* readlink.cpp in Sources */ = {isa = PBXBuildFile; fileRef = 2384542719E2C5B2000DFC86 /* readlink.cpp */; };
		2384546919E2C5B2000DFC86 /* Register.cpp in Sources */ = {isa = PBXBuildFile; fileRef = 2384542919E2C5B2000DFC86 /* Register.cpp */; };
		2384546A19E2C5B2000DFC86 /* sun_misc_Unsafe.cpp in Sources */ = {isa = PBXBuildFile; fileRef = 2384542B19E2C5B2000DFC86 /* sun_misc_Unsafe.cpp */; };
		2384546B19E2C5B2000DFC86 /* valueOf.cpp in Sources */ = {isa = PBXBuildFile; fileRef = 2384542C19E2C5B2000DFC86 /* valueOf.cpp */; };
		2384546D19E2C5B2000DFC86 /* ZipUtilities.cpp in Sources */ = {isa = PBXBuildFile; fileRef = 2384542E19E2C5B2000DFC86 /* ZipUtilities.cpp */; };
		57F1D9611B67600700E6FF2E /* java_net_NetworkInterface.cpp in Sources */ = {isa = PBXBuildFile; fileRef = 57F1D9601B67600700E6FF2E /* java_net_NetworkInterface.cpp */; };
/* End PBXBuildFile section */

/* Begin PBXFileReference section */
		22E286791C1751E4003D515D /* libcore_icu_NativeBreakIterator.cpp */ = {isa = PBXFileReference; fileEncoding = 4; lastKnownFileType = sourcecode.cpp.cpp; path = libcore_icu_NativeBreakIterator.cpp; sourceTree = "<group>"; };
		22E2867B1C175F0A003D515D /* libcore_icu_NativeCollation.cpp */ = {isa = PBXFileReference; fileEncoding = 4; lastKnownFileType = sourcecode.cpp.cpp; path = libcore_icu_NativeCollation.cpp; sourceTree = "<group>"; };
		22FC53E71C19D6AE008CA804 /* libcore_icu_Transliterator.cpp */ = {isa = PBXFileReference; fileEncoding = 4; lastKnownFileType = sourcecode.cpp.cpp; path = libcore_icu_Transliterator.cpp; sourceTree = "<group>"; };
		2350E7BE18DA17BD00285E6C /* AndroidConfig.h */ = {isa = PBXFileReference; lastKnownFileType = sourcecode.c.h; path = AndroidConfig.h; sourceTree = "<group>"; };
		2353A63C17CE1AFD005CF3CC /* liblibcore.a */ = {isa = PBXFileReference; explicitFileType = archive.ar; includeInIndex = 0; path = liblibcore.a; sourceTree = BUILT_PRODUCTS_DIR; };
		238453EF19E2C570000DFC86 /* LibCore-Prefix.pch */ = {isa = PBXFileReference; lastKnownFileType = sourcecode.c.h; path = "LibCore-Prefix.pch"; sourceTree = "<group>"; };
		238453F019E2C5B2000DFC86 /* android_system_OsConstants.cpp */ = {isa = PBXFileReference; fileEncoding = 4; lastKnownFileType = sourcecode.cpp.cpp; path = android_system_OsConstants.cpp; sourceTree = "<group>"; };
		238453F119E2C5B2000DFC86 /* AsynchronousCloseMonitor.cpp */ = {isa = PBXFileReference; fileEncoding = 4; lastKnownFileType = sourcecode.cpp.cpp; path = AsynchronousCloseMonitor.cpp; sourceTree = "<group>"; };
		238453F219E2C5B2000DFC86 /* AsynchronousCloseMonitor.h */ = {isa = PBXFileReference; fileEncoding = 4; lastKnownFileType = sourcecode.c.h; path = AsynchronousCloseMonitor.h; sourceTree = "<group>"; };
		238453F319E2C5B2000DFC86 /* canonicalize_path.cpp */ = {isa = PBXFileReference; fileEncoding = 4; lastKnownFileType = sourcecode.cpp.cpp; path = canonicalize_path.cpp; sourceTree = "<group>"; };
		238453F419E2C5B2000DFC86 /* cbigint.cpp */ = {isa = PBXFileReference; fileEncoding = 4; lastKnownFileType = sourcecode.cpp.cpp; path = cbigint.cpp; sourceTree = "<group>"; };
		238453F519E2C5B2000DFC86 /* cbigint.h */ = {isa = PBXFileReference; fileEncoding = 4; lastKnownFileType = sourcecode.c.h; path = cbigint.h; sourceTree = "<group>"; };
		238453F619E2C5B2000DFC86 /* ExecStrings.cpp */ = {isa = PBXFileReference; fileEncoding = 4; lastKnownFileType = sourcecode.cpp.cpp; path = ExecStrings.cpp; sourceTree = "<group>"; };
		238453F719E2C5B2000DFC86 /* ExecStrings.h */ = {isa = PBXFileReference; fileEncoding = 4; lastKnownFileType = sourcecode.c.h; path = ExecStrings.h; sourceTree = "<group>"; };
		238453F819E2C5B2000DFC86 /* IcuUtilities.cpp */ = {isa = PBXFileReference; fileEncoding = 4; lastKnownFileType = sourcecode.cpp.cpp; path = IcuUtilities.cpp; sourceTree = "<group>"; };
		238453F919E2C5B2000DFC86 /* IcuUtilities.h */ = {isa = PBXFileReference; fileEncoding = 4; lastKnownFileType = sourcecode.c.h; path = IcuUtilities.h; sourceTree = "<group>"; };
		238453FA19E2C5B2000DFC86 /* java_io_File.cpp */ = {isa = PBXFileReference; fileEncoding = 4; lastKnownFileType = sourcecode.cpp.cpp; path = java_io_File.cpp; sourceTree = "<group>"; };
		238453FB19E2C5B2000DFC86 /* java_io_FileDescriptor.cpp */ = {isa = PBXFileReference; fileEncoding = 4; lastKnownFileType = sourcecode.cpp.cpp; path = java_io_FileDescriptor.cpp; sourceTree = "<group>"; };
		238453FC19E2C5B2000DFC86 /* java_io_ObjectStreamClass.cpp */ = {isa = PBXFileReference; fileEncoding = 4; lastKnownFileType = sourcecode.cpp.cpp; path = java_io_ObjectStreamClass.cpp; sourceTree = "<group>"; };
		238453FD19E2C5B2000DFC86 /* java_lang_Character.cpp */ = {isa = PBXFileReference; fileEncoding = 4; lastKnownFileType = sourcecode.cpp.cpp; path = java_lang_Character.cpp; sourceTree = "<group>"; };
		238453FE19E2C5B2000DFC86 /* java_lang_Double.cpp */ = {isa = PBXFileReference; fileEncoding = 4; lastKnownFileType = sourcecode.cpp.cpp; path = java_lang_Double.cpp; sourceTree = "<group>"; };
		238453FF19E2C5B2000DFC86 /* java_lang_Float.cpp */ = {isa = PBXFileReference; fileEncoding = 4; lastKnownFileType = sourcecode.cpp.cpp; path = java_lang_Float.cpp; sourceTree = "<group>"; };
		2384540019E2C5B2000DFC86 /* java_lang_Math.cpp */ = {isa = PBXFileReference; fileEncoding = 4; lastKnownFileType = sourcecode.cpp.cpp; path = java_lang_Math.cpp; sourceTree = "<group>"; };
		2384540119E2C5B2000DFC86 /* java_lang_ProcessManager.cpp */ = {isa = PBXFileReference; fileEncoding = 4; lastKnownFileType = sourcecode.cpp.cpp; path = java_lang_ProcessManager.cpp; sourceTree = "<group>"; };
		2384540219E2C5B2000DFC86 /* java_lang_RealToString.cpp */ = {isa = PBXFileReference; fileEncoding = 4; lastKnownFileType = sourcecode.cpp.cpp; path = java_lang_RealToString.cpp; sourceTree = "<group>"; };
		2384540319E2C5B2000DFC86 /* java_lang_StrictMath.cpp */ = {isa = PBXFileReference; fileEncoding = 4; lastKnownFileType = sourcecode.cpp.cpp; path = java_lang_StrictMath.cpp; sourceTree = "<group>"; };
		2384540419E2C5B2000DFC86 /* java_lang_StringToReal.cpp */ = {isa = PBXFileReference; fileEncoding = 4; lastKnownFileType = sourcecode.cpp.cpp; path = java_lang_StringToReal.cpp; sourceTree = "<group>"; };
		2384540519E2C5B2000DFC86 /* java_lang_System.cpp */ = {isa = PBXFileReference; fileEncoding = 4; lastKnownFileType = sourcecode.cpp.cpp; path = java_lang_System.cpp; sourceTree = "<group>"; };
		2384540619E2C5B2000DFC86 /* java_math_NativeBN.cpp */ = {isa = PBXFileReference; fileEncoding = 4; lastKnownFileType = sourcecode.cpp.cpp; path = java_math_NativeBN.cpp; sourceTree = "<group>"; };
		2384540A19E2C5B2000DFC86 /* java_util_jar_StrictJarFile.cpp */ = {isa = PBXFileReference; fileEncoding = 4; lastKnownFileType = sourcecode.cpp.cpp; path = java_util_jar_StrictJarFile.cpp; sourceTree = "<group>"; };
		2384540B19E2C5B2000DFC86 /* java_util_regex_Matcher.cpp */ = {isa = PBXFileReference; fileEncoding = 4; lastKnownFileType = sourcecode.cpp.cpp; path = java_util_regex_Matcher.cpp; sourceTree = "<group>"; };
		2384540C19E2C5B2000DFC86 /* java_util_regex_Pattern.cpp */ = {isa = PBXFileReference; fileEncoding = 4; lastKnownFileType = sourcecode.cpp.cpp; path = java_util_regex_Pattern.cpp; sourceTree = "<group>"; };
		2384540D19E2C5B2000DFC86 /* java_util_zip_Adler32.cpp */ = {isa = PBXFileReference; fileEncoding = 4; lastKnownFileType = sourcecode.cpp.cpp; path = java_util_zip_Adler32.cpp; sourceTree = "<group>"; };
		2384540E19E2C5B2000DFC86 /* java_util_zip_CRC32.cpp */ = {isa = PBXFileReference; fileEncoding = 4; lastKnownFileType = sourcecode.cpp.cpp; path = java_util_zip_CRC32.cpp; sourceTree = "<group>"; };
		2384540F19E2C5B2000DFC86 /* java_util_zip_Deflater.cpp */ = {isa = PBXFileReference; fileEncoding = 4; lastKnownFileType = sourcecode.cpp.cpp; path = java_util_zip_Deflater.cpp; sourceTree = "<group>"; };
		2384541019E2C5B2000DFC86 /* java_util_zip_Inflater.cpp */ = {isa = PBXFileReference; fileEncoding = 4; lastKnownFileType = sourcecode.cpp.cpp; path = java_util_zip_Inflater.cpp; sourceTree = "<group>"; };
		2384541119E2C5B2000DFC86 /* JniException.cpp */ = {isa = PBXFileReference; fileEncoding = 4; lastKnownFileType = sourcecode.cpp.cpp; path = JniException.cpp; sourceTree = "<group>"; };
		2384541219E2C5B2000DFC86 /* JniException.h */ = {isa = PBXFileReference; fileEncoding = 4; lastKnownFileType = sourcecode.c.h; path = JniException.h; sourceTree = "<group>"; };
		2384541519E2C5B2000DFC86 /* libcore_icu_ICU.cpp */ = {isa = PBXFileReference; fileEncoding = 4; lastKnownFileType = sourcecode.cpp.cpp; path = libcore_icu_ICU.cpp; sourceTree = "<group>"; };
		2384541819E2C5B2000DFC86 /* libcore_icu_NativeConverter.cpp */ = {isa = PBXFileReference; fileEncoding = 4; lastKnownFileType = sourcecode.cpp.cpp; path = libcore_icu_NativeConverter.cpp; sourceTree = "<group>"; };
		2384541919E2C5B2000DFC86 /* libcore_icu_NativeDecimalFormat.cpp */ = {isa = PBXFileReference; fileEncoding = 4; lastKnownFileType = sourcecode.cpp.cpp; path = libcore_icu_NativeDecimalFormat.cpp; sourceTree = "<group>"; };
		2384541D19E2C5B2000DFC86 /* libcore_icu_TimeZoneNames.cpp */ = {isa = PBXFileReference; fileEncoding = 4; lastKnownFileType = sourcecode.cpp.cpp; path = libcore_icu_TimeZoneNames.cpp; sourceTree = "<group>"; };
		2384541F19E2C5B2000DFC86 /* libcore_io_AsynchronousCloseMonitor.cpp */ = {isa = PBXFileReference; fileEncoding = 4; lastKnownFileType = sourcecode.cpp.cpp; path = libcore_io_AsynchronousCloseMonitor.cpp; sourceTree = "<group>"; };
		2384542019E2C5B2000DFC86 /* libcore_io_Memory.cpp */ = {isa = PBXFileReference; fileEncoding = 4; lastKnownFileType = sourcecode.cpp.cpp; path = libcore_io_Memory.cpp; sourceTree = "<group>"; };
		2384542119E2C5B2000DFC86 /* libcore_io_Posix.cpp */ = {isa = PBXFileReference; fileEncoding = 4; indentWidth = 2; lastKnownFileType = sourcecode.cpp.cpp; path = libcore_io_Posix.cpp; sourceTree = "<group>"; tabWidth = 2; };
		2384542219E2C5B2000DFC86 /* NetFd.h */ = {isa = PBXFileReference; fileEncoding = 4; lastKnownFileType = sourcecode.c.h; path = NetFd.h; sourceTree = "<group>"; };
		2384542319E2C5B2000DFC86 /* NetworkUtilities.cpp */ = {isa = PBXFileReference; fileEncoding = 4; lastKnownFileType = sourcecode.cpp.cpp; path = NetworkUtilities.cpp; sourceTree = "<group>"; };
		2384542419E2C5B2000DFC86 /* NetworkUtilities.h */ = {isa = PBXFileReference; fileEncoding = 4; lastKnownFileType = sourcecode.c.h; path = NetworkUtilities.h; sourceTree = "<group>"; };
		2384542519E2C5B2000DFC86 /* org_apache_harmony_xml_ExpatParser.cpp */ = {isa = PBXFileReference; fileEncoding = 4; lastKnownFileType = sourcecode.cpp.cpp; path = org_apache_harmony_xml_ExpatParser.cpp; sourceTree = "<group>"; };
		2384542619E2C5B2000DFC86 /* Portability.h */ = {isa = PBXFileReference; fileEncoding = 4; lastKnownFileType = sourcecode.c.h; path = Portability.h; sourceTree = "<group>"; };
		2384542719E2C5B2000DFC86 /* readlink.cpp */ = {isa = PBXFileReference; fileEncoding = 4; lastKnownFileType = sourcecode.cpp.cpp; path = readlink.cpp; sourceTree = "<group>"; };
		2384542819E2C5B2000DFC86 /* readlink.h */ = {isa = PBXFileReference; fileEncoding = 4; lastKnownFileType = sourcecode.c.h; path = readlink.h; sourceTree = "<group>"; };
		2384542919E2C5B2000DFC86 /* Register.cpp */ = {isa = PBXFileReference; fileEncoding = 4; lastKnownFileType = sourcecode.cpp.cpp; path = Register.cpp; sourceTree = "<group>"; };
		2384542A19E2C5B2000DFC86 /* sub.mk */ = {isa = PBXFileReference; fileEncoding = 4; lastKnownFileType = text; path = sub.mk; sourceTree = "<group>"; };
		2384542B19E2C5B2000DFC86 /* sun_misc_Unsafe.cpp */ = {isa = PBXFileReference; fileEncoding = 4; lastKnownFileType = sourcecode.cpp.cpp; path = sun_misc_Unsafe.cpp; sourceTree = "<group>"; };
		2384542C19E2C5B2000DFC86 /* valueOf.cpp */ = {isa = PBXFileReference; fileEncoding = 4; lastKnownFileType = sourcecode.cpp.cpp; path = valueOf.cpp; sourceTree = "<group>"; };
		2384542D19E2C5B2000DFC86 /* valueOf.h */ = {isa = PBXFileReference; fileEncoding = 4; lastKnownFileType = sourcecode.c.h; path = valueOf.h; sourceTree = "<group>"; };
		2384542E19E2C5B2000DFC86 /* ZipUtilities.cpp */ = {isa = PBXFileReference; fileEncoding = 4; lastKnownFileType = sourcecode.cpp.cpp; path = ZipUtilities.cpp; sourceTree = "<group>"; };
		2384542F19E2C5B2000DFC86 /* ZipUtilities.h */ = {isa = PBXFileReference; fileEncoding = 4; lastKnownFileType = sourcecode.c.h; path = ZipUtilities.h; sourceTree = "<group>"; };
		2395DA6E1877109700950DD5 /* MOE-Common.h */ = {isa = PBXFileReference; lastKnownFileType = sourcecode.c.h; path = "MOE-Common.h"; sourceTree = "<group>"; };
		23A22F70187594F00060BF79 /* MOE-Prefix.pch */ = {isa = PBXFileReference; fileEncoding = 4; lastKnownFileType = sourcecode.c.h; path = "MOE-Prefix.pch"; sourceTree = "<group>"; };
		57F1D9601B67600700E6FF2E /* java_net_NetworkInterface.cpp */ = {isa = PBXFileReference; fileEncoding = 4; lastKnownFileType = sourcecode.cpp.cpp; path = java_net_NetworkInterface.cpp; sourceTree = "<group>"; };
/* End PBXFileReference section */

/* Begin PBXFrameworksBuildPhase section */
		2353A63917CE1AFD005CF3CC /* Frameworks */ = {
			isa = PBXFrameworksBuildPhase;
			buildActionMask = 2147483647;
			files = (
			);
			runOnlyForDeploymentPostprocessing = 0;
		};
/* End PBXFrameworksBuildPhase section */

/* Begin PBXGroup section */
		2353A5EE17CE19B5005CF3CC = {
			isa = PBXGroup;
			children = (
				D9A0F132183A94F500523C62 /* Android Root */,
				238453EE19E2C520000DFC86 /* Supporting Files */,
				2353A83917CE26CD005CF3CC /* Common Configuration */,
				2353A5FA17CE1AD7005CF3CC /* Products */,
			);
			sourceTree = "<group>";
		};
		2353A5FA17CE1AD7005CF3CC /* Products */ = {
			isa = PBXGroup;
			children = (
				2353A63C17CE1AFD005CF3CC /* liblibcore.a */,
			);
			name = Products;
			path = MOE;
			sourceTree = "<group>";
		};
		2353A63E17CE1AFD005CF3CC /* libcore */ = {
			isa = PBXGroup;
			children = (
				D97203BC183C12B600078841 /* luni */,
			);
			path = libcore;
			sourceTree = "<group>";
		};
		2353A83917CE26CD005CF3CC /* Common Configuration */ = {
			isa = PBXGroup;
			children = (
				2350E7BE18DA17BD00285E6C /* AndroidConfig.h */,
				2395DA6E1877109700950DD5 /* MOE-Common.h */,
				23A22F70187594F00060BF79 /* MOE-Prefix.pch */,
			);
			name = "Common Configuration";
			path = ../moe.base/src/main/native;
			sourceTree = "<group>";
		};
		238453EE19E2C520000DFC86 /* Supporting Files */ = {
			isa = PBXGroup;
			children = (
				238453EF19E2C570000DFC86 /* LibCore-Prefix.pch */,
			);
			name = "Supporting Files";
			path = src/main/native;
			sourceTree = "<group>";
		};
		23F4CA9E18CDE13A00EF5181 /* native */ = {
			isa = PBXGroup;
			children = (
				22FC53E71C19D6AE008CA804 /* libcore_icu_Transliterator.cpp */,
				22E2867B1C175F0A003D515D /* libcore_icu_NativeCollation.cpp */,
				57F1D9601B67600700E6FF2E /* java_net_NetworkInterface.cpp */,
				238453F019E2C5B2000DFC86 /* android_system_OsConstants.cpp */,
				238453F119E2C5B2000DFC86 /* AsynchronousCloseMonitor.cpp */,
				238453F219E2C5B2000DFC86 /* AsynchronousCloseMonitor.h */,
				238453F319E2C5B2000DFC86 /* canonicalize_path.cpp */,
				238453F419E2C5B2000DFC86 /* cbigint.cpp */,
				238453F519E2C5B2000DFC86 /* cbigint.h */,
				238453F619E2C5B2000DFC86 /* ExecStrings.cpp */,
				238453F719E2C5B2000DFC86 /* ExecStrings.h */,
				238453F819E2C5B2000DFC86 /* IcuUtilities.cpp */,
				238453F919E2C5B2000DFC86 /* IcuUtilities.h */,
				238453FA19E2C5B2000DFC86 /* java_io_File.cpp */,
				238453FB19E2C5B2000DFC86 /* java_io_FileDescriptor.cpp */,
				238453FC19E2C5B2000DFC86 /* java_io_ObjectStreamClass.cpp */,
				238453FD19E2C5B2000DFC86 /* java_lang_Character.cpp */,
				238453FE19E2C5B2000DFC86 /* java_lang_Double.cpp */,
				238453FF19E2C5B2000DFC86 /* java_lang_Float.cpp */,
				2384540019E2C5B2000DFC86 /* java_lang_Math.cpp */,
				2384540119E2C5B2000DFC86 /* java_lang_ProcessManager.cpp */,
				2384540219E2C5B2000DFC86 /* java_lang_RealToString.cpp */,
				2384540319E2C5B2000DFC86 /* java_lang_StrictMath.cpp */,
				2384540419E2C5B2000DFC86 /* java_lang_StringToReal.cpp */,
				2384540519E2C5B2000DFC86 /* java_lang_System.cpp */,
				2384540619E2C5B2000DFC86 /* java_math_NativeBN.cpp */,
				2384540A19E2C5B2000DFC86 /* java_util_jar_StrictJarFile.cpp */,
				2384540B19E2C5B2000DFC86 /* java_util_regex_Matcher.cpp */,
				2384540C19E2C5B2000DFC86 /* java_util_regex_Pattern.cpp */,
				2384540D19E2C5B2000DFC86 /* java_util_zip_Adler32.cpp */,
				2384540E19E2C5B2000DFC86 /* java_util_zip_CRC32.cpp */,
				2384540F19E2C5B2000DFC86 /* java_util_zip_Deflater.cpp */,
				2384541019E2C5B2000DFC86 /* java_util_zip_Inflater.cpp */,
				2384541119E2C5B2000DFC86 /* JniException.cpp */,
				2384541219E2C5B2000DFC86 /* JniException.h */,
				2384541519E2C5B2000DFC86 /* libcore_icu_ICU.cpp */,
				22E286791C1751E4003D515D /* libcore_icu_NativeBreakIterator.cpp */,
				2384541819E2C5B2000DFC86 /* libcore_icu_NativeConverter.cpp */,
				2384541919E2C5B2000DFC86 /* libcore_icu_NativeDecimalFormat.cpp */,
				2384541D19E2C5B2000DFC86 /* libcore_icu_TimeZoneNames.cpp */,
				2384541F19E2C5B2000DFC86 /* libcore_io_AsynchronousCloseMonitor.cpp */,
				2384542019E2C5B2000DFC86 /* libcore_io_Memory.cpp */,
				2384542119E2C5B2000DFC86 /* libcore_io_Posix.cpp */,
				2384542219E2C5B2000DFC86 /* NetFd.h */,
				2384542319E2C5B2000DFC86 /* NetworkUtilities.cpp */,
				2384542419E2C5B2000DFC86 /* NetworkUtilities.h */,
				2384542519E2C5B2000DFC86 /* org_apache_harmony_xml_ExpatParser.cpp */,
				2384542619E2C5B2000DFC86 /* Portability.h */,
				2384542719E2C5B2000DFC86 /* readlink.cpp */,
				2384542819E2C5B2000DFC86 /* readlink.h */,
				2384542919E2C5B2000DFC86 /* Register.cpp */,
				2384542A19E2C5B2000DFC86 /* sub.mk */,
				2384542B19E2C5B2000DFC86 /* sun_misc_Unsafe.cpp */,
				2384542C19E2C5B2000DFC86 /* valueOf.cpp */,
				2384542D19E2C5B2000DFC86 /* valueOf.h */,
				2384542E19E2C5B2000DFC86 /* ZipUtilities.cpp */,
				2384542F19E2C5B2000DFC86 /* ZipUtilities.h */,
			);
			path = native;
			sourceTree = "<group>";
		};
		D97203BC183C12B600078841 /* luni */ = {
			isa = PBXGroup;
			children = (
				D97203C2183C12B600078841 /* src */,
			);
			path = luni;
			sourceTree = "<group>";
		};
		D97203C2183C12B600078841 /* src */ = {
			isa = PBXGroup;
			children = (
				D97203C3183C12B600078841 /* main */,
			);
			path = src;
			sourceTree = "<group>";
		};
		D97203C3183C12B600078841 /* main */ = {
			isa = PBXGroup;
			children = (
				23F4CA9E18CDE13A00EF5181 /* native */,
			);
			path = main;
			sourceTree = "<group>";
		};
		D9A0F132183A94F500523C62 /* Android Root */ = {
			isa = PBXGroup;
			children = (
				2353A63E17CE1AFD005CF3CC /* libcore */,
			);
			name = "Android Root";
			path = ../../../../../aosp;
			sourceTree = SOURCE_ROOT;
		};
/* End PBXGroup section */

/* Begin PBXNativeTarget section */
		2353A63B17CE1AFD005CF3CC /* libcore */ = {
			isa = PBXNativeTarget;
			buildConfigurationList = 2353A64517CE1AFD005CF3CC /* Build configuration list for PBXNativeTarget "libcore" */;
			buildPhases = (
				2353A63817CE1AFD005CF3CC /* Sources */,
				2353A63917CE1AFD005CF3CC /* Frameworks */,
			);
			buildRules = (
			);
			dependencies = (
			);
			name = libcore;
			productName = libcore;
			productReference = 2353A63C17CE1AFD005CF3CC /* liblibcore.a */;
			productType = "com.apple.product-type.library.static";
		};
/* End PBXNativeTarget section */

/* Begin PBXProject section */
		2353A5EF17CE19B5005CF3CC /* Project object */ = {
			isa = PBXProject;
			attributes = {
				LastUpgradeCheck = 0600;
			};
			buildConfigurationList = 2353A5F217CE19B5005CF3CC /* Build configuration list for PBXProject "android.libcore" */;
			compatibilityVersion = "Xcode 3.2";
			developmentRegion = English;
			hasScannedForEncodings = 0;
			knownRegions = (
				en,
				Base,
			);
			mainGroup = 2353A5EE17CE19B5005CF3CC;
			productRefGroup = 2353A5FA17CE1AD7005CF3CC /* Products */;
			projectDirPath = "";
			projectRoot = "";
			targets = (
				2353A63B17CE1AFD005CF3CC /* libcore */,
			);
		};
/* End PBXProject section */

/* Begin PBXSourcesBuildPhase section */
		2353A63817CE1AFD005CF3CC /* Sources */ = {
			isa = PBXSourcesBuildPhase;
			buildActionMask = 2147483647;
			files = (
				2384546119E2C5B2000DFC86 /* libcore_io_Posix.cpp in Sources */,
				2384545919E2C5B2000DFC86 /* libcore_icu_NativeDecimalFormat.cpp in Sources */,
				2384544B19E2C5B2000DFC86 /* java_util_regex_Matcher.cpp in Sources */,
				2384546919E2C5B2000DFC86 /* Register.cpp in Sources */,
				2384546D19E2C5B2000DFC86 /* ZipUtilities.cpp in Sources */,
				2384545119E2C5B2000DFC86 /* JniException.cpp in Sources */,
				2384544219E2C5B2000DFC86 /* java_lang_RealToString.cpp in Sources */,
				57F1D9611B67600700E6FF2E /* java_net_NetworkInterface.cpp in Sources */,
				2384543F19E2C5B2000DFC86 /* java_lang_Float.cpp in Sources */,
				2384544519E2C5B2000DFC86 /* java_lang_System.cpp in Sources */,
				2384545819E2C5B2000DFC86 /* libcore_icu_NativeConverter.cpp in Sources */,
				2384543419E2C5B2000DFC86 /* cbigint.cpp in Sources */,
				2384543619E2C5B2000DFC86 /* ExecStrings.cpp in Sources */,
				2384544D19E2C5B2000DFC86 /* java_util_zip_Adler32.cpp in Sources */,
				2384545F19E2C5B2000DFC86 /* libcore_io_AsynchronousCloseMonitor.cpp in Sources */,
				2384544619E2C5B2000DFC86 /* java_math_NativeBN.cpp in Sources */,
				2384543C19E2C5B2000DFC86 /* java_io_ObjectStreamClass.cpp in Sources */,
				2384545519E2C5B2000DFC86 /* libcore_icu_ICU.cpp in Sources */,
				2384546B19E2C5B2000DFC86 /* valueOf.cpp in Sources */,
				22E2867A1C1751E4003D515D /* libcore_icu_NativeBreakIterator.cpp in Sources */,
				2384544C19E2C5B2000DFC86 /* java_util_regex_Pattern.cpp in Sources */,
				2384546A19E2C5B2000DFC86 /* sun_misc_Unsafe.cpp in Sources */,
				2384543B19E2C5B2000DFC86 /* java_io_FileDescriptor.cpp in Sources */,
				22E2867C1C175F0A003D515D /* libcore_icu_NativeCollation.cpp in Sources */,
				2384544419E2C5B2000DFC86 /* java_lang_StringToReal.cpp in Sources */,
				2384544A19E2C5B2000DFC86 /* java_util_jar_StrictJarFile.cpp in Sources */,
				2384544019E2C5B2000DFC86 /* java_lang_Math.cpp in Sources */,
				2384546319E2C5B2000DFC86 /* NetworkUtilities.cpp in Sources */,
				2384543019E2C5B2000DFC86 /* android_system_OsConstants.cpp in Sources */,
				2384545D19E2C5B2000DFC86 /* libcore_icu_TimeZoneNames.cpp in Sources */,
				2384543D19E2C5B2000DFC86 /* java_lang_Character.cpp in Sources */,
				2384544F19E2C5B2000DFC86 /* java_util_zip_Deflater.cpp in Sources */,
				2384543119E2C5B2000DFC86 /* AsynchronousCloseMonitor.cpp in Sources */,
				2384544E19E2C5B2000DFC86 /* java_util_zip_CRC32.cpp in Sources */,
				2384545019E2C5B2000DFC86 /* java_util_zip_Inflater.cpp in Sources */,
				2384546019E2C5B2000DFC86 /* libcore_io_Memory.cpp in Sources */,
				2384546519E2C5B2000DFC86 /* org_apache_harmony_xml_ExpatParser.cpp in Sources */,
				2384546719E2C5B2000DFC86 /* readlink.cpp in Sources */,
				22FC53E81C19D6AE008CA804 /* libcore_icu_Transliterator.cpp in Sources */,
				2384544119E2C5B2000DFC86 /* java_lang_ProcessManager.cpp in Sources */,
				2384543819E2C5B2000DFC86 /* IcuUtilities.cpp in Sources */,
				2384543E19E2C5B2000DFC86 /* java_lang_Double.cpp in Sources */,
				2384543A19E2C5B2000DFC86 /* java_io_File.cpp in Sources */,
				2384544319E2C5B2000DFC86 /* java_lang_StrictMath.cpp in Sources */,
				2384543319E2C5B2000DFC86 /* canonicalize_path.cpp in Sources */,
			);
			runOnlyForDeploymentPostprocessing = 0;
		};
/* End PBXSourcesBuildPhase section */

/* Begin XCBuildConfiguration section */
		2353A5F317CE19B5005CF3CC /* Debug-ios */ = {
			isa = XCBuildConfiguration;
			buildSettings = {
				ALWAYS_SEARCH_USER_PATHS = NO;
				ANDROID_ROOT = "$(SRCROOT)/../../../../../aosp";
				CLANG_CXX_LANGUAGE_STANDARD = "gnu++0x";
				CLANG_CXX_LIBRARY = "libc++";
				CONFIGURATION_BUILD_DIR = "$(BUILD_DIR)/$(CONFIGURATION)-$(PLATFORM_NAME)";
				CONFIGURATION_TEMP_DIR = "$(PROJECT_TEMP_DIR)/$(CONFIGURATION)-$(PLATFORM_NAME)";
				COPY_PHASE_STRIP = NO;
				DEAD_CODE_STRIPPING = YES;
				GCC_ENABLE_CPP_EXCEPTIONS = YES;
				GCC_ENABLE_OBJC_EXCEPTIONS = NO;
				GCC_OPTIMIZATION_LEVEL = 0;
				GCC_PREPROCESSOR_DEFINITIONS = (
					MACOSX,
					"ANDROID_SMP=1",
					ANDROID,
					"MOE=1",
					HAVE_LITTLE_ENDIAN,
					"DEBUG=1",
				);
				HEADER_SEARCH_PATHS = "";
				IPHONEOS_DEPLOYMENT_TARGET = 8.0;
				MACOSX_DEPLOYMENT_TARGET = 10.9;
				OTHER_CFLAGS = (
					"-fexceptions",
					"-fstack-protector-strong",
				);
				SDKROOT = iphoneos;
				SYMROOT = build/xcode;
				TARGETED_DEVICE_FAMILY = "1,2";
				WARNING_CFLAGS = (
					"-Wno-comment",
					"-Wformat",
					"-Wformat-security",
				);
			};
			name = "Debug-ios";
		};
		2353A5F417CE19B5005CF3CC /* Release-ios */ = {
			isa = XCBuildConfiguration;
			buildSettings = {
				ALWAYS_SEARCH_USER_PATHS = NO;
				ANDROID_ROOT = "$(SRCROOT)/../../../../../aosp";
				CLANG_CXX_LANGUAGE_STANDARD = "gnu++0x";
				CLANG_CXX_LIBRARY = "libc++";
				CONFIGURATION_BUILD_DIR = "$(BUILD_DIR)/$(CONFIGURATION)-$(PLATFORM_NAME)";
				CONFIGURATION_TEMP_DIR = "$(PROJECT_TEMP_DIR)/$(CONFIGURATION)-$(PLATFORM_NAME)";
				DEAD_CODE_STRIPPING = YES;
				GCC_ENABLE_CPP_EXCEPTIONS = YES;
				GCC_ENABLE_OBJC_EXCEPTIONS = NO;
				GCC_GENERATE_DEBUGGING_SYMBOLS = NO;
				GCC_PREPROCESSOR_DEFINITIONS = (
					MACOSX,
					"ANDROID_SMP=1",
					ANDROID,
					"MOE=1",
					HAVE_LITTLE_ENDIAN,
					NDEBUG,
				);
				HEADER_SEARCH_PATHS = "";
				IPHONEOS_DEPLOYMENT_TARGET = 8.0;
				MACOSX_DEPLOYMENT_TARGET = 10.9;
				OTHER_CFLAGS = (
					"-fexceptions",
					"-fstack-protector-strong",
				);
				SDKROOT = iphoneos;
				SYMROOT = build/xcode;
				TARGETED_DEVICE_FAMILY = "1,2";
				WARNING_CFLAGS = (
					"-Wno-comment",
					"-Wformat",
					"-Wformat-security",
				);
			};
			name = "Release-ios";
		};
		2353A64617CE1AFD005CF3CC /* Debug-ios */ = {
			isa = XCBuildConfiguration;
			buildSettings = {
				CLANG_CXX_LANGUAGE_STANDARD = "gnu++0x";
				CLANG_CXX_LIBRARY = "libc++";
				CLANG_WARN_CONSTANT_CONVERSION = YES;
				CLANG_WARN_EMPTY_BODY = YES;
				CLANG_WARN_ENUM_CONVERSION = YES;
				CLANG_WARN_INT_CONVERSION = YES;
				CLANG_WARN__DUPLICATE_METHOD_MATCH = YES;
				DSTROOT = /tmp/libcore.dst;
				GCC_C_LANGUAGE_STANDARD = gnu99;
				GCC_DYNAMIC_NO_PIC = NO;
				GCC_OPTIMIZATION_LEVEL = 0;
				GCC_PRECOMPILE_PREFIX_HEADER = YES;
				GCC_PREFIX_HEADER = "$(SRCROOT)/src/main/native/LibCore-Prefix.pch";
				GCC_WARN_ABOUT_RETURN_TYPE = YES;
				GCC_WARN_UNINITIALIZED_AUTOS = YES;
				HEADER_SEARCH_PATHS = (
					"\"$(ANDROID_ROOT)/libcore/luni/src/main/native\"",
					"\"$(ANDROID_ROOT)/external/icu/icucf\"",
					"\"$(ANDROID_ROOT)/external/icu/icu4c/source/common\"",
					"\"$(ANDROID_ROOT)/external/icu/icu4c/source/i18n\"",
					"\"$(ANDROID_ROOT)/external/openssl/include\"",
					"\"$(ANDROID_ROOT)/external/zlib\"",
					"\"$(ANDROID_ROOT)/libnativehelper/include/nativehelper\"",
					"\"$(ANDROID_ROOT)/libcore/include\"",
					"\"$(ANDROID_ROOT)/system/core/include\"",
					"\"$(ANDROID_ROOT)/external/expat/lib\"",
				);
				LIBRARY_SEARCH_PATHS = "$(inherited)";
				OTHER_LDFLAGS = "-ObjC";
				PRODUCT_NAME = "$(TARGET_NAME)";
				SKIP_INSTALL = YES;
			};
			name = "Debug-ios";
		};
		2353A64717CE1AFD005CF3CC /* Release-ios */ = {
			isa = XCBuildConfiguration;
			buildSettings = {
				CLANG_CXX_LANGUAGE_STANDARD = "gnu++0x";
				CLANG_CXX_LIBRARY = "libc++";
				CLANG_WARN_CONSTANT_CONVERSION = YES;
				CLANG_WARN_EMPTY_BODY = YES;
				CLANG_WARN_ENUM_CONVERSION = YES;
				CLANG_WARN_INT_CONVERSION = YES;
				CLANG_WARN__DUPLICATE_METHOD_MATCH = YES;
				DSTROOT = /tmp/libcore.dst;
				GCC_C_LANGUAGE_STANDARD = gnu99;
				GCC_PRECOMPILE_PREFIX_HEADER = YES;
				GCC_PREFIX_HEADER = "$(SRCROOT)/src/main/native/LibCore-Prefix.pch";
				GCC_WARN_ABOUT_RETURN_TYPE = YES;
				GCC_WARN_UNINITIALIZED_AUTOS = YES;
				HEADER_SEARCH_PATHS = (
					"\"$(ANDROID_ROOT)/libcore/luni/src/main/native\"",
					"\"$(ANDROID_ROOT)/external/icu/icucf\"",
					"\"$(ANDROID_ROOT)/external/icu/icu4c/source/common\"",
					"\"$(ANDROID_ROOT)/external/icu/icu4c/source/i18n\"",
					"\"$(ANDROID_ROOT)/external/openssl/include\"",
					"\"$(ANDROID_ROOT)/external/zlib\"",
					"\"$(ANDROID_ROOT)/libnativehelper/include/nativehelper\"",
					"\"$(ANDROID_ROOT)/libcore/include\"",
					"\"$(ANDROID_ROOT)/system/core/include\"",
					"\"$(ANDROID_ROOT)/external/expat/lib\"",
				);
				LIBRARY_SEARCH_PATHS = "$(inherited)";
				OTHER_LDFLAGS = "-ObjC";
				PRODUCT_NAME = "$(TARGET_NAME)";
				SKIP_INSTALL = YES;
				VALIDATE_PRODUCT = YES;
			};
			name = "Release-ios";
		};
/* End XCBuildConfiguration section */

/* Begin XCConfigurationList section */
		2353A5F217CE19B5005CF3CC /* Build configuration list for PBXProject "android.libcore" */ = {
			isa = XCConfigurationList;
			buildConfigurations = (
				2353A5F317CE19B5005CF3CC /* Debug-ios */,
				2353A5F417CE19B5005CF3CC /* Release-ios */,
			);
			defaultConfigurationIsVisible = 0;
			defaultConfigurationName = "Release-ios";
		};
		2353A64517CE1AFD005CF3CC /* Build configuration list for PBXNativeTarget "libcore" */ = {
			isa = XCConfigurationList;
			buildConfigurations = (
				2353A64617CE1AFD005CF3CC /* Debug-ios */,
				2353A64717CE1AFD005CF3CC /* Release-ios */,
			);
			defaultConfigurationIsVisible = 0;
			defaultConfigurationName = "Release-ios";
		};
/* End XCConfigurationList section */
	};
	rootObject = 2353A5EF17CE19B5005CF3CC /* Project object */;
}
