// !$*UTF8*$!
{
	archiveVersion = 1;
	classes = {
	};
	objectVersion = 46;
	objects = {

/* Begin PBXBuildFile section */
		23040F4419EBF52700CB250F /* MOE.h in Headers */ = {isa = PBXBuildFile; fileRef = 23040F4319EBF52700CB250F /* MOE.h */; settings = {ATTRIBUTES = (Public, ); }; };
		23040F6119EBFC2600CB250F /* ErrorDelegate.m in Sources */ = {isa = PBXBuildFile; fileRef = 23040F5D19EBFC2600CB250F /* ErrorDelegate.m */; };
		23040F6319EBFC2600CB250F /* MOE.mm in Sources */ = {isa = PBXBuildFile; fileRef = 23040F5F19EBFC2600CB250F /* MOE.mm */; };
		555E7EDA241E7E9F001AC2E4 /* MetalPerformanceShaders.m in Sources */ = {isa = PBXBuildFile; fileRef = 555E7ED8241E7E9F001AC2E4 /* MetalPerformanceShaders.m */; };
		555E7EDB241E7E9F001AC2E4 /* CoreAudioTypes.m in Sources */ = {isa = PBXBuildFile; fileRef = 555E7ED9241E7E9F001AC2E4 /* CoreAudioTypes.m */; };
		589215051D9AA0E300F8ACC0 /* jni.h in Headers */ = {isa = PBXBuildFile; fileRef = 589215041D9AA0E300F8ACC0 /* jni.h */; settings = {ATTRIBUTES = (Public, ); }; };
		6D92C47C1B90A67F00D21D3A /* CoreMIDI.m in Sources */ = {isa = PBXBuildFile; fileRef = 6D92C47B1B90A67F00D21D3A /* CoreMIDI.m */; };
		D99B125919F0479D00F6B669 /* AudioToolbox.m in Sources */ = {isa = PBXBuildFile; fileRef = D99B124D19F0479D00F6B669 /* AudioToolbox.m */; };
		D99B125A19F0479D00F6B669 /* AVFoundation.m in Sources */ = {isa = PBXBuildFile; fileRef = D99B124E19F0479D00F6B669 /* AVFoundation.m */; };
		D99B125B19F0479D00F6B669 /* CFNetwork.m in Sources */ = {isa = PBXBuildFile; fileRef = D99B124F19F0479D00F6B669 /* CFNetwork.m */; };
		D99B125C19F0479D00F6B669 /* CoreFoundation.m in Sources */ = {isa = PBXBuildFile; fileRef = D99B125019F0479D00F6B669 /* CoreFoundation.m */; };
		D99B125D19F0479D00F6B669 /* CoreGraphics.m in Sources */ = {isa = PBXBuildFile; fileRef = D99B125119F0479D00F6B669 /* CoreGraphics.m */; };
		D99B125E19F0479D00F6B669 /* Foundation.m in Sources */ = {isa = PBXBuildFile; fileRef = D99B125219F0479D00F6B669 /* Foundation.m */; };
		D99B125F19F0479D00F6B669 /* GLKit.m in Sources */ = {isa = PBXBuildFile; fileRef = D99B125319F0479D00F6B669 /* GLKit.m */; };
		D99B126019F0479D00F6B669 /* Globals.m in Sources */ = {isa = PBXBuildFile; fileRef = D99B125419F0479D00F6B669 /* Globals.m */; };
		D99B126119F0479D00F6B669 /* MapKit.m in Sources */ = {isa = PBXBuildFile; fileRef = D99B125519F0479D00F6B669 /* MapKit.m */; };
		D99B126219F0479D00F6B669 /* Metal.m in Sources */ = {isa = PBXBuildFile; fileRef = D99B125619F0479D00F6B669 /* Metal.m */; };
		D99B126319F0479D00F6B669 /* SceneKit.m in Sources */ = {isa = PBXBuildFile; fileRef = D99B125719F0479D00F6B669 /* SceneKit.m */; };
		D99B126419F0479D00F6B669 /* UIKit.m in Sources */ = {isa = PBXBuildFile; fileRef = D99B125819F0479D00F6B669 /* UIKit.m */; };
/* End PBXBuildFile section */

/* Begin PBXFileReference section */
		23040F3E19EBF52700CB250F /* libmoe.a */ = {isa = PBXFileReference; explicitFileType = archive.ar; includeInIndex = 0; path = libmoe.a; sourceTree = BUILT_PRODUCTS_DIR; };
		23040F4319EBF52700CB250F /* MOE.h */ = {isa = PBXFileReference; lastKnownFileType = sourcecode.c.h; path = MOE.h; sourceTree = "<group>"; };
		23040F5C19EBFC2600CB250F /* ErrorDelegate.h */ = {isa = PBXFileReference; fileEncoding = 4; lastKnownFileType = sourcecode.c.h; path = ErrorDelegate.h; sourceTree = "<group>"; };
		23040F5D19EBFC2600CB250F /* ErrorDelegate.m */ = {isa = PBXFileReference; fileEncoding = 4; lastKnownFileType = sourcecode.c.objc; path = ErrorDelegate.m; sourceTree = "<group>"; };
		23040F5F19EBFC2600CB250F /* MOE.mm */ = {isa = PBXFileReference; fileEncoding = 4; lastKnownFileType = sourcecode.cpp.objcpp; path = MOE.mm; sourceTree = "<group>"; };
		555E7ED8241E7E9F001AC2E4 /* MetalPerformanceShaders.m */ = {isa = PBXFileReference; fileEncoding = 4; lastKnownFileType = sourcecode.c.objc; path = MetalPerformanceShaders.m; sourceTree = "<group>"; };
		555E7ED9241E7E9F001AC2E4 /* CoreAudioTypes.m */ = {isa = PBXFileReference; fileEncoding = 4; lastKnownFileType = sourcecode.c.objc; path = CoreAudioTypes.m; sourceTree = "<group>"; };
		589215041D9AA0E300F8ACC0 /* jni.h */ = {isa = PBXFileReference; fileEncoding = 4; lastKnownFileType = sourcecode.c.h; name = jni.h; path = ../../../../../natj/natj/src/main/native/include/jni.h; sourceTree = "<group>"; };
		6D92C47B1B90A67F00D21D3A /* CoreMIDI.m */ = {isa = PBXFileReference; fileEncoding = 4; lastKnownFileType = sourcecode.c.objc; path = CoreMIDI.m; sourceTree = "<group>"; };
		D99B124D19F0479D00F6B669 /* AudioToolbox.m */ = {isa = PBXFileReference; fileEncoding = 4; lastKnownFileType = sourcecode.c.objc; path = AudioToolbox.m; sourceTree = "<group>"; };
		D99B124E19F0479D00F6B669 /* AVFoundation.m */ = {isa = PBXFileReference; fileEncoding = 4; lastKnownFileType = sourcecode.c.objc; path = AVFoundation.m; sourceTree = "<group>"; };
		D99B124F19F0479D00F6B669 /* CFNetwork.m */ = {isa = PBXFileReference; fileEncoding = 4; lastKnownFileType = sourcecode.c.objc; path = CFNetwork.m; sourceTree = "<group>"; };
		D99B125019F0479D00F6B669 /* CoreFoundation.m */ = {isa = PBXFileReference; fileEncoding = 4; lastKnownFileType = sourcecode.c.objc; path = CoreFoundation.m; sourceTree = "<group>"; };
		D99B125119F0479D00F6B669 /* CoreGraphics.m */ = {isa = PBXFileReference; fileEncoding = 4; lastKnownFileType = sourcecode.c.objc; path = CoreGraphics.m; sourceTree = "<group>"; };
		D99B125219F0479D00F6B669 /* Foundation.m */ = {isa = PBXFileReference; fileEncoding = 4; lastKnownFileType = sourcecode.c.objc; path = Foundation.m; sourceTree = "<group>"; };
		D99B125319F0479D00F6B669 /* GLKit.m */ = {isa = PBXFileReference; fileEncoding = 4; lastKnownFileType = sourcecode.c.objc; path = GLKit.m; sourceTree = "<group>"; };
		D99B125419F0479D00F6B669 /* Globals.m */ = {isa = PBXFileReference; fileEncoding = 4; lastKnownFileType = sourcecode.c.objc; path = Globals.m; sourceTree = "<group>"; };
		D99B125519F0479D00F6B669 /* MapKit.m */ = {isa = PBXFileReference; fileEncoding = 4; lastKnownFileType = sourcecode.c.objc; path = MapKit.m; sourceTree = "<group>"; };
		D99B125619F0479D00F6B669 /* Metal.m */ = {isa = PBXFileReference; fileEncoding = 4; lastKnownFileType = sourcecode.c.objc; path = Metal.m; sourceTree = "<group>"; };
		D99B125719F0479D00F6B669 /* SceneKit.m */ = {isa = PBXFileReference; fileEncoding = 4; lastKnownFileType = sourcecode.c.objc; path = SceneKit.m; sourceTree = "<group>"; };
		D99B125819F0479D00F6B669 /* UIKit.m */ = {isa = PBXFileReference; fileEncoding = 4; lastKnownFileType = sourcecode.c.objc; path = UIKit.m; sourceTree = "<group>"; };
/* End PBXFileReference section */

/* Begin PBXFrameworksBuildPhase section */
		23040F3A19EBF52700CB250F /* Frameworks */ = {
			isa = PBXFrameworksBuildPhase;
			buildActionMask = 2147483647;
			files = (
			);
			runOnlyForDeploymentPostprocessing = 0;
		};
/* End PBXFrameworksBuildPhase section */

/* Begin PBXGroup section */
		23040F3419EBF52700CB250F = {
			isa = PBXGroup;
			children = (
				23040F4019EBF52700CB250F /* Supporting Files */,
				23040F5B19EBF5CF00CB250F /* Frameworks */,
				23040F3F19EBF52700CB250F /* Products */,
			);
			sourceTree = "<group>";
		};
		23040F3F19EBF52700CB250F /* Products */ = {
			isa = PBXGroup;
			children = (
				23040F3E19EBF52700CB250F /* libmoe.a */,
			);
			name = Products;
			sourceTree = "<group>";
		};
		23040F4019EBF52700CB250F /* Supporting Files */ = {
			isa = PBXGroup;
			children = (
				23040F5C19EBFC2600CB250F /* ErrorDelegate.h */,
				23040F5D19EBFC2600CB250F /* ErrorDelegate.m */,
				23040F4319EBF52700CB250F /* MOE.h */,
				23040F5F19EBFC2600CB250F /* MOE.mm */,
				589215041D9AA0E300F8ACC0 /* jni.h */,
				23BF12DA19EEC3E50048E579 /* inline */,
			);
			name = "Supporting Files";
			path = src;
			sourceTree = "<group>";
		};
		23040F5B19EBF5CF00CB250F /* Frameworks */ = {
			isa = PBXGroup;
			children = (
			);
			name = Frameworks;
			sourceTree = "<group>";
		};
		23BF12DA19EEC3E50048E579 /* inline */ = {
			isa = PBXGroup;
			children = (
				D99B124D19F0479D00F6B669 /* AudioToolbox.m */,
				D99B124E19F0479D00F6B669 /* AVFoundation.m */,
				D99B124F19F0479D00F6B669 /* CFNetwork.m */,
				555E7ED9241E7E9F001AC2E4 /* CoreAudioTypes.m */,
				D99B125019F0479D00F6B669 /* CoreFoundation.m */,
				D99B125119F0479D00F6B669 /* CoreGraphics.m */,
				6D92C47B1B90A67F00D21D3A /* CoreMIDI.m */,
				D99B125219F0479D00F6B669 /* Foundation.m */,
				D99B125319F0479D00F6B669 /* GLKit.m */,
				D99B125419F0479D00F6B669 /* Globals.m */,
				D99B125519F0479D00F6B669 /* MapKit.m */,
				D99B125619F0479D00F6B669 /* Metal.m */,
				555E7ED8241E7E9F001AC2E4 /* MetalPerformanceShaders.m */,
				D99B125719F0479D00F6B669 /* SceneKit.m */,
				D99B125819F0479D00F6B669 /* UIKit.m */,
			);
			path = inline;
			sourceTree = "<group>";
		};
/* End PBXGroup section */

/* Begin PBXHeadersBuildPhase section */
		23040F3B19EBF52700CB250F /* Headers */ = {
			isa = PBXHeadersBuildPhase;
			buildActionMask = 2147483647;
			files = (
				589215051D9AA0E300F8ACC0 /* jni.h in Headers */,
				23040F4419EBF52700CB250F /* MOE.h in Headers */,
			);
			runOnlyForDeploymentPostprocessing = 0;
		};
/* End PBXHeadersBuildPhase section */

/* Begin PBXNativeTarget section */
		23040F3D19EBF52700CB250F /* sdk */ = {
			isa = PBXNativeTarget;
			buildConfigurationList = 23040F5119EBF52700CB250F /* Build configuration list for PBXNativeTarget "sdk" */;
			buildPhases = (
				23040F3919EBF52700CB250F /* Sources */,
				23040F3A19EBF52700CB250F /* Frameworks */,
				23040F3B19EBF52700CB250F /* Headers */,
			);
			buildRules = (
			);
			dependencies = (
			);
			name = sdk;
			productName = moe.sdk;
			productReference = 23040F3E19EBF52700CB250F /* libmoe.a */;
			productType = "com.apple.product-type.library.static";
		};
/* End PBXNativeTarget section */

/* Begin PBXProject section */
		23040F3519EBF52700CB250F /* Project object */ = {
			isa = PBXProject;
			attributes = {
				LastUpgradeCheck = 0600;
				ORGANIZATIONNAME = MOE;
				TargetAttributes = {
					23040F3D19EBF52700CB250F = {
						CreatedOnToolsVersion = 6.0;
					};
				};
			};
			buildConfigurationList = 23040F3819EBF52700CB250F /* Build configuration list for PBXProject "moe.sdk" */;
			compatibilityVersion = "Xcode 3.2";
			developmentRegion = English;
			hasScannedForEncodings = 0;
			knownRegions = (
				English,
				en,
			);
			mainGroup = 23040F3419EBF52700CB250F;
			productRefGroup = 23040F3F19EBF52700CB250F /* Products */;
			projectDirPath = "";
			projectRoot = "";
			targets = (
				23040F3D19EBF52700CB250F /* sdk */,
			);
		};
/* End PBXProject section */

/* Begin PBXSourcesBuildPhase section */
		23040F3919EBF52700CB250F /* Sources */ = {
			isa = PBXSourcesBuildPhase;
			buildActionMask = 2147483647;
			files = (
				D99B126319F0479D00F6B669 /* SceneKit.m in Sources */,
				D99B126119F0479D00F6B669 /* MapKit.m in Sources */,
				D99B125F19F0479D00F6B669 /* GLKit.m in Sources */,
				555E7EDA241E7E9F001AC2E4 /* MetalPerformanceShaders.m in Sources */,
				6D92C47C1B90A67F00D21D3A /* CoreMIDI.m in Sources */,
				23040F6119EBFC2600CB250F /* ErrorDelegate.m in Sources */,
				D99B125B19F0479D00F6B669 /* CFNetwork.m in Sources */,
				23040F6319EBFC2600CB250F /* MOE.mm in Sources */,
				D99B125919F0479D00F6B669 /* AudioToolbox.m in Sources */,
				D99B125D19F0479D00F6B669 /* CoreGraphics.m in Sources */,
				D99B125A19F0479D00F6B669 /* AVFoundation.m in Sources */,
				D99B125E19F0479D00F6B669 /* Foundation.m in Sources */,
				D99B126219F0479D00F6B669 /* Metal.m in Sources */,
				D99B126019F0479D00F6B669 /* Globals.m in Sources */,
				555E7EDB241E7E9F001AC2E4 /* CoreAudioTypes.m in Sources */,
				D99B126419F0479D00F6B669 /* UIKit.m in Sources */,
				D99B125C19F0479D00F6B669 /* CoreFoundation.m in Sources */,
			);
			runOnlyForDeploymentPostprocessing = 0;
		};
/* End PBXSourcesBuildPhase section */

/* Begin XCBuildConfiguration section */
		23040F4F19EBF52700CB250F /* Debug-ios */ = {
			isa = XCBuildConfiguration;
			buildSettings = {
				ALWAYS_SEARCH_USER_PATHS = NO;
				CLANG_CXX_LANGUAGE_STANDARD = "gnu++0x";
				CLANG_CXX_LIBRARY = "libc++";
				CLANG_ENABLE_MODULES = YES;
				CLANG_ENABLE_OBJC_ARC = YES;
				CLANG_WARN_BOOL_CONVERSION = YES;
				CLANG_WARN_CONSTANT_CONVERSION = YES;
				CLANG_WARN_DIRECT_OBJC_ISA_USAGE = YES_ERROR;
				CLANG_WARN_EMPTY_BODY = YES;
				CLANG_WARN_ENUM_CONVERSION = YES;
				CLANG_WARN_INT_CONVERSION = YES;
				CLANG_WARN_OBJC_ROOT_CLASS = YES_ERROR;
				CLANG_WARN_UNREACHABLE_CODE = YES;
				CLANG_WARN__DUPLICATE_METHOD_MATCH = YES;
				"CODE_SIGN_IDENTITY[sdk=iphoneos*]" = "iPhone Developer";
				CONFIGURATION_BUILD_DIR = "$(BUILD_DIR)/$(CONFIGURATION)-$(PLATFORM_NAME)";
				CONFIGURATION_TEMP_DIR = "$(PROJECT_TEMP_DIR)/$(CONFIGURATION)-$(PLATFORM_NAME)";
				COPY_PHASE_STRIP = NO;
				CURRENT_PROJECT_VERSION = 1;
				ENABLE_STRICT_OBJC_MSGSEND = YES;
				GCC_C_LANGUAGE_STANDARD = gnu99;
				GCC_DYNAMIC_NO_PIC = NO;
				GCC_OPTIMIZATION_LEVEL = 0;
				GCC_PREPROCESSOR_DEFINITIONS = (
					"ANDROID_SMP=1",
					ANDROID,
					"MOE=1",
					HAVE_LITTLE_ENDIAN,
					"BUILD_VERSION=${GRADLE_BUILD_VERSION}",
				);
				GCC_SYMBOLS_PRIVATE_EXTERN = NO;
				GCC_WARN_64_TO_32_BIT_CONVERSION = YES;
				GCC_WARN_ABOUT_RETURN_TYPE = YES_ERROR;
				GCC_WARN_UNDECLARED_SELECTOR = YES;
				GCC_WARN_UNINITIALIZED_AUTOS = YES_AGGRESSIVE;
				GCC_WARN_UNUSED_FUNCTION = YES;
				GCC_WARN_UNUSED_VARIABLE = YES;
				GRADLE_BUILD_VERSION = internal;
				IPHONEOS_DEPLOYMENT_TARGET = 8.0;
				MACOSX_DEPLOYMENT_TARGET = 10.9;
				MTL_ENABLE_DEBUG_INFO = YES;
				OTHER_CFLAGS = (
					"-fexceptions",
					"-fstack-protector-strong",
				);
				PUBLIC_HEADERS_FOLDER_PATH = include;
				SDKROOT = iphoneos;
				SKIP_INSTALL = NO;
				SYMROOT = build/xcode;
				TARGETED_DEVICE_FAMILY = "1,2";
				WARNING_CFLAGS = (
					"-Wformat",
					"-Wformat-security",
				);
			};
			name = "Debug-ios";
		};
		23040F5019EBF52700CB250F /* Release-ios */ = {
			isa = XCBuildConfiguration;
			buildSettings = {
				ALWAYS_SEARCH_USER_PATHS = NO;
				CLANG_CXX_LANGUAGE_STANDARD = "gnu++0x";
				CLANG_CXX_LIBRARY = "libc++";
				CLANG_ENABLE_MODULES = YES;
				CLANG_ENABLE_OBJC_ARC = YES;
				CLANG_WARN_BOOL_CONVERSION = YES;
				CLANG_WARN_CONSTANT_CONVERSION = YES;
				CLANG_WARN_DIRECT_OBJC_ISA_USAGE = YES_ERROR;
				CLANG_WARN_EMPTY_BODY = YES;
				CLANG_WARN_ENUM_CONVERSION = YES;
				CLANG_WARN_INT_CONVERSION = YES;
				CLANG_WARN_OBJC_ROOT_CLASS = YES_ERROR;
				CLANG_WARN_UNREACHABLE_CODE = YES;
				CLANG_WARN__DUPLICATE_METHOD_MATCH = YES;
				"CODE_SIGN_IDENTITY[sdk=iphoneos*]" = "iPhone Developer";
				CONFIGURATION_BUILD_DIR = "$(BUILD_DIR)/$(CONFIGURATION)-$(PLATFORM_NAME)";
				CONFIGURATION_TEMP_DIR = "$(PROJECT_TEMP_DIR)/$(CONFIGURATION)-$(PLATFORM_NAME)";
				COPY_PHASE_STRIP = YES;
				CURRENT_PROJECT_VERSION = 1;
				ENABLE_NS_ASSERTIONS = NO;
				ENABLE_STRICT_OBJC_MSGSEND = YES;
				GCC_C_LANGUAGE_STANDARD = gnu99;
				GCC_PREPROCESSOR_DEFINITIONS = (
					"ANDROID_SMP=1",
					ANDROID,
					"MOE=1",
					HAVE_LITTLE_ENDIAN,
					NDEBUG,
					"BUILD_VERSION=${GRADLE_BUILD_VERSION}",
				);
				GCC_WARN_64_TO_32_BIT_CONVERSION = YES;
				GCC_WARN_ABOUT_RETURN_TYPE = YES_ERROR;
				GCC_WARN_UNDECLARED_SELECTOR = YES;
				GCC_WARN_UNINITIALIZED_AUTOS = YES_AGGRESSIVE;
				GCC_WARN_UNUSED_FUNCTION = YES;
				GCC_WARN_UNUSED_VARIABLE = YES;
				GRADLE_BUILD_VERSION = internal;
				IPHONEOS_DEPLOYMENT_TARGET = 8.0;
				MACOSX_DEPLOYMENT_TARGET = 10.9;
				MTL_ENABLE_DEBUG_INFO = NO;
				OTHER_CFLAGS = (
					"-fexceptions",
					"-fstack-protector-strong",
				);
				PUBLIC_HEADERS_FOLDER_PATH = include;
				SDKROOT = iphoneos;
				SKIP_INSTALL = NO;
				SYMROOT = build/xcode;
				TARGETED_DEVICE_FAMILY = "1,2";
				WARNING_CFLAGS = (
					"-Wformat",
					"-Wformat-security",
				);
			};
			name = "Release-ios";
		};
		23040F5219EBF52700CB250F /* Debug-ios */ = {
			isa = XCBuildConfiguration;
			buildSettings = {
				CLANG_ENABLE_OBJC_ARC = NO;
				ENABLE_BITCODE = NO;
				OTHER_LDFLAGS = "-ObjC";
				OTHER_LIBTOOLFLAGS = (
					"$(SRCROOT)/../../../../natj/natj/natj-ios/build/xcode/Debug-$(PLATFORM_NAME)/libnatj.a",
					"$(SRCROOT)/../svm.graal/build/xcode/$(CONFIGURATION)-$(PLATFORM_NAME)/libjvm.a",
					"$(SRCROOT)/../svm.openjdk/build/xcode/$(CONFIGURATION)-$(PLATFORM_NAME)/libjava.a",
					"$(SRCROOT)/../external.javasqlite/build/xcode/$(CONFIGURATION)-$(PLATFORM_NAME)/libjavasqlite.a",
				);
				PRODUCT_NAME = moe;
			};
			name = "Debug-ios";
		};
		23040F5319EBF52700CB250F /* Release-ios */ = {
			isa = XCBuildConfiguration;
			buildSettings = {
				CLANG_ENABLE_OBJC_ARC = NO;
				ENABLE_BITCODE = NO;
				OTHER_LDFLAGS = "-ObjC";
				OTHER_LIBTOOLFLAGS = (
					"$(SRCROOT)/../../../../natj/natj/natj-ios/build/xcode/Release-$(PLATFORM_NAME)/libnatj.a",
					"$(SRCROOT)/../svm.graal/build/xcode/$(CONFIGURATION)-$(PLATFORM_NAME)/libjvm.a",
					"$(SRCROOT)/../svm.openjdk/build/xcode/$(CONFIGURATION)-$(PLATFORM_NAME)/libjava.a",
					"$(SRCROOT)/../external.javasqlite/build/xcode/$(CONFIGURATION)-$(PLATFORM_NAME)/libjavasqlite.a",
				);
				PRODUCT_NAME = moe;
			};
			name = "Release-ios";
		};
/* End XCBuildConfiguration section */

/* Begin XCConfigurationList section */
		23040F3819EBF52700CB250F /* Build configuration list for PBXProject "moe.sdk" */ = {
			isa = XCConfigurationList;
			buildConfigurations = (
				23040F4F19EBF52700CB250F /* Debug-ios */,
				23040F5019EBF52700CB250F /* Release-ios */,
			);
			defaultConfigurationIsVisible = 0;
			defaultConfigurationName = "Release-ios";
		};
		23040F5119EBF52700CB250F /* Build configuration list for PBXNativeTarget "sdk" */ = {
			isa = XCConfigurationList;
			buildConfigurations = (
				23040F5219EBF52700CB250F /* Debug-ios */,
				23040F5319EBF52700CB250F /* Release-ios */,
			);
			defaultConfigurationIsVisible = 0;
			defaultConfigurationName = "Release-ios";
		};
/* End XCConfigurationList section */
	};
	rootObject = 23040F3519EBF52700CB250F /* Project object */;
}
