// !$*UTF8*$!
{
	archiveVersion = 1;
	classes = {
	};
	objectVersion = 46;
	objects = {

/* Begin PBXBuildFile section */
		D94FEE68183AABEB00589FCA /* event_tag_map.c in Sources */ = {isa = PBXBuildFile; fileRef = D94FEE63183AABEB00589FCA /* event_tag_map.c */; };
		D94FEE69183AABEB00589FCA /* fake_log_device.c in Sources */ = {isa = PBXBuildFile; fileRef = D94FEE64183AABEB00589FCA /* fake_log_device.c */; };
		D94FEE6A183AABEB00589FCA /* logd_write.c in Sources */ = {isa = PBXBuildFile; fileRef = D94FEE65183AABEB00589FCA /* logd_write.c */; };
		D94FEE6B183AABEB00589FCA /* logprint.c in Sources */ = {isa = PBXBuildFile; fileRef = D94FEE66183AABEB00589FCA /* logprint.c */; };
/* End PBXBuildFile section */

/* Begin PBXFileReference section */
		2350E7BE18DA17BD00285E6C /* AndroidConfig.h */ = {isa = PBXFileReference; lastKnownFileType = sourcecode.c.h; path = AndroidConfig.h; sourceTree = "<group>"; };
		2353A5F917CE1AD7005CF3CC /* libliblog.a */ = {isa = PBXFileReference; explicitFileType = archive.ar; includeInIndex = 0; path = libliblog.a; sourceTree = BUILT_PRODUCTS_DIR; };
		2395DA6E1877109700950DD5 /* MOE-Common.h */ = {isa = PBXFileReference; lastKnownFileType = sourcecode.c.h; path = "MOE-Common.h"; sourceTree = "<group>"; };
		239B361E19E2CD2400BECDFA /* fake_log_device.h */ = {isa = PBXFileReference; lastKnownFileType = sourcecode.c.h; path = fake_log_device.h; sourceTree = "<group>"; };
		23A22F70187594F00060BF79 /* MOE-Prefix.pch */ = {isa = PBXFileReference; fileEncoding = 4; lastKnownFileType = sourcecode.c.h; path = "MOE-Prefix.pch"; sourceTree = "<group>"; };
		D94FEE63183AABEB00589FCA /* event_tag_map.c */ = {isa = PBXFileReference; fileEncoding = 4; lastKnownFileType = sourcecode.c.c; path = event_tag_map.c; sourceTree = "<group>"; };
		D94FEE64183AABEB00589FCA /* fake_log_device.c */ = {isa = PBXFileReference; fileEncoding = 4; lastKnownFileType = sourcecode.c.c; path = fake_log_device.c; sourceTree = "<group>"; };
		D94FEE65183AABEB00589FCA /* logd_write.c */ = {isa = PBXFileReference; fileEncoding = 4; lastKnownFileType = sourcecode.c.c; path = logd_write.c; sourceTree = "<group>"; };
		D94FEE66183AABEB00589FCA /* logprint.c */ = {isa = PBXFileReference; fileEncoding = 4; lastKnownFileType = sourcecode.c.c; path = logprint.c; sourceTree = "<group>"; };
/* End PBXFileReference section */

/* Begin PBXFrameworksBuildPhase section */
		2353A5F617CE1AD7005CF3CC /* Frameworks */ = {
			isa = PBXFrameworksBuildPhase;
			buildActionMask = 2147483647;
			files = (
			);
			runOnlyForDeploymentPostprocessing = 0;
		};
/* End PBXFrameworksBuildPhase section */

/* Begin PBXGroup section */
		2353A5EE17CE19B5005CF3CC = {
			isa = PBXGroup;
			children = (
				D9A0F132183A94F500523C62 /* Android Root */,
				2353A83917CE26CD005CF3CC /* Common Configuration */,
				2353A5FA17CE1AD7005CF3CC /* Products */,
			);
			sourceTree = "<group>";
		};
		2353A5FA17CE1AD7005CF3CC /* Products */ = {
			isa = PBXGroup;
			children = (
				2353A5F917CE1AD7005CF3CC /* libliblog.a */,
			);
			name = Products;
			path = MOE;
			sourceTree = "<group>";
		};
		2353A5FE17CE1AD7005CF3CC /* liblog */ = {
			isa = PBXGroup;
			children = (
				239B361E19E2CD2400BECDFA /* fake_log_device.h */,
				D94FEE63183AABEB00589FCA /* event_tag_map.c */,
				D94FEE64183AABEB00589FCA /* fake_log_device.c */,
				D94FEE65183AABEB00589FCA /* logd_write.c */,
				D94FEE66183AABEB00589FCA /* logprint.c */,
			);
			path = liblog;
			sourceTree = "<group>";
		};
		2353A83917CE26CD005CF3CC /* Common Configuration */ = {
			isa = PBXGroup;
			children = (
				2350E7BE18DA17BD00285E6C /* AndroidConfig.h */,
				2395DA6E1877109700950DD5 /* MOE-Common.h */,
				23A22F70187594F00060BF79 /* MOE-Prefix.pch */,
			);
			name = "Common Configuration";
			path = ../moe.base/src/main/native;
			sourceTree = "<group>";
		};
		2384548D19E2CC5C000DFC86 /* system */ = {
			isa = PBXGroup;
			children = (
				2384548E19E2CC63000DFC86 /* core */,
			);
			path = system;
			sourceTree = "<group>";
		};
		2384548E19E2CC63000DFC86 /* core */ = {
			isa = PBXGroup;
			children = (
				2353A5FE17CE1AD7005CF3CC /* liblog */,
			);
			path = core;
			sourceTree = "<group>";
		};
		D9A0F132183A94F500523C62 /* Android Root */ = {
			isa = PBXGroup;
			children = (
				2384548D19E2CC5C000DFC86 /* system */,
			);
			name = "Android Root";
			path = ../../../../../aosp;
			sourceTree = SOURCE_ROOT;
		};
/* End PBXGroup section */

/* Begin PBXNativeTarget section */
		2353A5F817CE1AD7005CF3CC /* liblog */ = {
			isa = PBXNativeTarget;
			buildConfigurationList = 2353A60517CE1AD7005CF3CC /* Build configuration list for PBXNativeTarget "liblog" */;
			buildPhases = (
				2353A5F517CE1AD7005CF3CC /* Sources */,
				2353A5F617CE1AD7005CF3CC /* Frameworks */,
			);
			buildRules = (
			);
			dependencies = (
			);
			name = liblog;
			productName = liblog;
			productReference = 2353A5F917CE1AD7005CF3CC /* libliblog.a */;
			productType = "com.apple.product-type.library.static";
		};
/* End PBXNativeTarget section */

/* Begin PBXProject section */
		2353A5EF17CE19B5005CF3CC /* Project object */ = {
			isa = PBXProject;
			attributes = {
				LastUpgradeCheck = 0600;
			};
			buildConfigurationList = 2353A5F217CE19B5005CF3CC /* Build configuration list for PBXProject "android.system.core.liblog" */;
			compatibilityVersion = "Xcode 3.2";
			developmentRegion = English;
			hasScannedForEncodings = 0;
			knownRegions = (
				en,
				Base,
			);
			mainGroup = 2353A5EE17CE19B5005CF3CC;
			productRefGroup = 2353A5FA17CE1AD7005CF3CC /* Products */;
			projectDirPath = "";
			projectRoot = "";
			targets = (
				2353A5F817CE1AD7005CF3CC /* liblog */,
			);
		};
/* End PBXProject section */

/* Begin PBXSourcesBuildPhase section */
		2353A5F517CE1AD7005CF3CC /* Sources */ = {
			isa = PBXSourcesBuildPhase;
			buildActionMask = 2147483647;
			files = (
				D94FEE68183AABEB00589FCA /* event_tag_map.c in Sources */,
				D94FEE6A183AABEB00589FCA /* logd_write.c in Sources */,
				D94FEE6B183AABEB00589FCA /* logprint.c in Sources */,
				D94FEE69183AABEB00589FCA /* fake_log_device.c in Sources */,
			);
			runOnlyForDeploymentPostprocessing = 0;
		};
/* End PBXSourcesBuildPhase section */

/* Begin XCBuildConfiguration section */
		2353A5F317CE19B5005CF3CC /* Debug */ = {
			isa = XCBuildConfiguration;
			buildSettings = {
				ALWAYS_SEARCH_USER_PATHS = NO;
				ANDROID_ROOT = "$(SRCROOT)/../../../../../aosp";
				ARCHS = "$(ARCHS_STANDARD)";
				CLANG_CXX_LANGUAGE_STANDARD = "gnu++0x";
				CLANG_CXX_LIBRARY = "libc++";
				COPY_PHASE_STRIP = NO;
				DEAD_CODE_STRIPPING = YES;
				GCC_ENABLE_CPP_EXCEPTIONS = YES;
				GCC_ENABLE_OBJC_EXCEPTIONS = NO;
				GCC_OPTIMIZATION_LEVEL = 0;
				GCC_PREPROCESSOR_DEFINITIONS = (
					"ANDROID_SMP=1",
					ANDROID,
					"MOE=1",
					HAVE_LITTLE_ENDIAN,
					"DEBUG=1",
				);
				HEADER_SEARCH_PATHS = "";
				IPHONEOS_DEPLOYMENT_TARGET = 8.0;
				LD_DEPENDENCY_INFO_FILE = "../../build/common/native/xcode/$(PRODUCT_NAME)_dependency_info.dat";
				MACOSX_DEPLOYMENT_TARGET = 10.9;
				OTHER_CFLAGS = (
					"-fexceptions",
					"-fstack-protector-strong",
				);
				SDKROOT = iphoneos;
				SYMROOT = build/xcode;
				TARGETED_DEVICE_FAMILY = "1,2";
				WARNING_CFLAGS = (
					"-Wno-comment",
					"-Wformat",
					"-Wformat-security",
				);
			};
			name = Debug;
		};
		2353A5F417CE19B5005CF3CC /* Release */ = {
			isa = XCBuildConfiguration;
			buildSettings = {
				ALWAYS_SEARCH_USER_PATHS = NO;
				ANDROID_ROOT = "$(SRCROOT)/../../../../../aosp";
				ARCHS = "$(ARCHS_STANDARD)";
				CLANG_CXX_LANGUAGE_STANDARD = "gnu++0x";
				CLANG_CXX_LIBRARY = "libc++";
				DEAD_CODE_STRIPPING = YES;
				GCC_ENABLE_CPP_EXCEPTIONS = YES;
				GCC_ENABLE_OBJC_EXCEPTIONS = NO;
				GCC_GENERATE_DEBUGGING_SYMBOLS = NO;
				GCC_PREPROCESSOR_DEFINITIONS = (
					"ANDROID_SMP=1",
					ANDROID,
					"MOE=1",
					HAVE_LITTLE_ENDIAN,
					NDEBUG,
				);
				HEADER_SEARCH_PATHS = "";
				IPHONEOS_DEPLOYMENT_TARGET = 8.0;
				LD_DEPENDENCY_INFO_FILE = "../../build/common/native/xcode/$(PRODUCT_NAME)_dependency_info.dat";
				MACOSX_DEPLOYMENT_TARGET = 10.9;
				OTHER_CFLAGS = (
					"-fexceptions",
					"-fstack-protector-strong",
				);
				SDKROOT = iphoneos;
				SYMROOT = build/xcode;
				TARGETED_DEVICE_FAMILY = "1,2";
				WARNING_CFLAGS = (
					"-Wno-comment",
					"-Wformat",
					"-Wformat-security",
				);
			};
			name = Release;
		};
		2353A60617CE1AD7005CF3CC /* Debug */ = {
			isa = XCBuildConfiguration;
			buildSettings = {
				CLANG_CXX_LANGUAGE_STANDARD = "gnu++0x";
				CLANG_CXX_LIBRARY = "libc++";
				CLANG_WARN_CONSTANT_CONVERSION = YES;
				CLANG_WARN_EMPTY_BODY = YES;
				CLANG_WARN_ENUM_CONVERSION = YES;
				CLANG_WARN_INT_CONVERSION = YES;
				CLANG_WARN__DUPLICATE_METHOD_MATCH = YES;
				DSTROOT = /tmp/liblog.dst;
				GCC_C_LANGUAGE_STANDARD = gnu99;
				GCC_DYNAMIC_NO_PIC = NO;
				GCC_PRECOMPILE_PREFIX_HEADER = YES;
				GCC_PREFIX_HEADER = "$(SRCROOT)/../moe.base/src/main/native/MOE-Prefix.pch";
				GCC_WARN_ABOUT_RETURN_TYPE = YES;
				GCC_WARN_UNINITIALIZED_AUTOS = YES;
				HEADER_SEARCH_PATHS = "\"$(ANDROID_ROOT)/system/core/include\"";
				OTHER_LDFLAGS = "-ObjC";
				PRODUCT_NAME = "$(TARGET_NAME)";
				SKIP_INSTALL = YES;
			};
			name = Debug;
		};
		2353A60717CE1AD7005CF3CC /* Release */ = {
			isa = XCBuildConfiguration;
			buildSettings = {
				CLANG_CXX_LANGUAGE_STANDARD = "gnu++0x";
				CLANG_CXX_LIBRARY = "libc++";
				CLANG_WARN_CONSTANT_CONVERSION = YES;
				CLANG_WARN_EMPTY_BODY = YES;
				CLANG_WARN_ENUM_CONVERSION = YES;
				CLANG_WARN_INT_CONVERSION = YES;
				CLANG_WARN__DUPLICATE_METHOD_MATCH = YES;
				DSTROOT = /tmp/liblog.dst;
				GCC_C_LANGUAGE_STANDARD = gnu99;
				GCC_PRECOMPILE_PREFIX_HEADER = YES;
				GCC_PREFIX_HEADER = "$(SRCROOT)/../moe.base/src/main/native/MOE-Prefix.pch";
				GCC_WARN_ABOUT_RETURN_TYPE = YES;
				GCC_WARN_UNINITIALIZED_AUTOS = YES;
				HEADER_SEARCH_PATHS = "\"$(ANDROID_ROOT)/system/core/include\"";
				OTHER_LDFLAGS = "-ObjC";
				PRODUCT_NAME = "$(TARGET_NAME)";
				SKIP_INSTALL = YES;
			};
			name = Release;
		};
/* End XCBuildConfiguration section */

/* Begin XCConfigurationList section */
		2353A5F217CE19B5005CF3CC /* Build configuration list for PBXProject "android.system.core.liblog" */ = {
			isa = XCConfigurationList;
			buildConfigurations = (
				2353A5F317CE19B5005CF3CC /* Debug */,
				2353A5F417CE19B5005CF3CC /* Release */,
			);
			defaultConfigurationIsVisible = 0;
			defaultConfigurationName = Release;
		};
		2353A60517CE1AD7005CF3CC /* Build configuration list for PBXNativeTarget "liblog" */ = {
			isa = XCConfigurationList;
			buildConfigurations = (
				2353A60617CE1AD7005CF3CC /* Debug */,
				2353A60717CE1AD7005CF3CC /* Release */,
			);
			defaultConfigurationIsVisible = 0;
			defaultConfigurationName = Release;
		};
/* End XCConfigurationList section */
	};
	rootObject = 2353A5EF17CE19B5005CF3CC /* Project object */;
}
