// !$*UTF8*$!
{
	archiveVersion = 1;
	classes = {
	};
	objectVersion = 46;
	objects = {

/* Begin PBXBuildFile section */
		238452F619E2BA00000DFC86 /* sigchain.cc in Sources */ = {isa = PBXBuildFile; fileRef = 238452F419E2BA00000DFC86 /* sigchain.cc */; };
/* End PBXBuildFile section */

/* Begin PBXFileReference section */
		2353A61C17CE1AEC005CF3CC /* libsigchainlib.a */ = {isa = PBXFileReference; explicitFileType = archive.ar; includeInIndex = 0; path = libsigchainlib.a; sourceTree = BUILT_PRODUCTS_DIR; };
		23844E2E19E2AB96000DFC86 /* AndroidConfig.h */ = {isa = PBXFileReference; lastKnownFileType = sourcecode.c.h; path = AndroidConfig.h; sourceTree = "<group>"; };
		23844E3119E2AB96000DFC86 /* MOE-Common.h */ = {isa = PBXFileReference; lastKnownFileType = sourcecode.c.h; path = "MOE-Common.h"; sourceTree = "<group>"; };
		23844E3219E2AB96000DFC86 /* MOE-Prefix.pch */ = {isa = PBXFileReference; lastKnownFileType = sourcecode.c.h; path = "MOE-Prefix.pch"; sourceTree = "<group>"; };
		238452F419E2BA00000DFC86 /* sigchain.cc */ = {isa = PBXFileReference; fileEncoding = 4; lastKnownFileType = sourcecode.cpp.cpp; path = sigchain.cc; sourceTree = "<group>"; };
		238452F519E2BA00000DFC86 /* sigchain.h */ = {isa = PBXFileReference; fileEncoding = 4; lastKnownFileType = sourcecode.c.h; path = sigchain.h; sourceTree = "<group>"; };
/* End PBXFileReference section */

/* Begin PBXFrameworksBuildPhase section */
		2353A61917CE1AEC005CF3CC /* Frameworks */ = {
			isa = PBXFrameworksBuildPhase;
			buildActionMask = 2147483647;
			files = (
			);
			runOnlyForDeploymentPostprocessing = 0;
		};
/* End PBXFrameworksBuildPhase section */

/* Begin PBXGroup section */
		2353A5EE17CE19B5005CF3CC = {
			isa = PBXGroup;
			children = (
				D9A0F132183A94F500523C62 /* Android Root */,
				23844E2D19E2AB96000DFC86 /* Common Configuration */,
				2353A5FA17CE1AD7005CF3CC /* Products */,
			);
			sourceTree = "<group>";
		};
		2353A5FA17CE1AD7005CF3CC /* Products */ = {
			isa = PBXGroup;
			children = (
				2353A61C17CE1AEC005CF3CC /* libsigchainlib.a */,
			);
			name = Products;
			path = MOE;
			sourceTree = "<group>";
		};
		2353A6AE17CE1B4E005CF3CC /* art */ = {
			isa = PBXGroup;
			children = (
				23B29E72187EDE7C001504B4 /* sigchainlib */,
			);
			path = art;
			sourceTree = "<group>";
		};
		23844E2D19E2AB96000DFC86 /* Common Configuration */ = {
			isa = PBXGroup;
			children = (
				23844E2E19E2AB96000DFC86 /* AndroidConfig.h */,
				23844E3119E2AB96000DFC86 /* MOE-Common.h */,
				23844E3219E2AB96000DFC86 /* MOE-Prefix.pch */,
			);
			name = "Common Configuration";
			path = ../moe.base/src/main/native;
			sourceTree = "<group>";
		};
		23B29E72187EDE7C001504B4 /* sigchainlib */ = {
			isa = PBXGroup;
			children = (
				238452F419E2BA00000DFC86 /* sigchain.cc */,
				238452F519E2BA00000DFC86 /* sigchain.h */,
			);
			path = sigchainlib;
			sourceTree = "<group>";
		};
		D9A0F132183A94F500523C62 /* Android Root */ = {
			isa = PBXGroup;
			children = (
				2353A6AE17CE1B4E005CF3CC /* art */,
			);
			name = "Android Root";
			path = ../../../../../aosp;
			sourceTree = SOURCE_ROOT;
		};
/* End PBXGroup section */

/* Begin PBXNativeTarget section */
		2353A61B17CE1AEC005CF3CC /* sigchainlib */ = {
			isa = PBXNativeTarget;
			buildConfigurationList = 2353A62517CE1AEC005CF3CC /* Build configuration list for PBXNativeTarget "sigchainlib" */;
			buildPhases = (
				2353A61817CE1AEC005CF3CC /* Sources */,
				2353A61917CE1AEC005CF3CC /* Frameworks */,
			);
			buildRules = (
			);
			dependencies = (
			);
			name = sigchainlib;
			productName = dex;
			productReference = 2353A61C17CE1AEC005CF3CC /* libsigchainlib.a */;
			productType = "com.apple.product-type.library.static";
		};
/* End PBXNativeTarget section */

/* Begin PBXProject section */
		2353A5EF17CE19B5005CF3CC /* Project object */ = {
			isa = PBXProject;
			attributes = {
				LastUpgradeCheck = 0600;
			};
			buildConfigurationList = 2353A5F217CE19B5005CF3CC /* Build configuration list for PBXProject "android.art.sigchainlib" */;
			compatibilityVersion = "Xcode 3.2";
			developmentRegion = English;
			hasScannedForEncodings = 0;
			knownRegions = (
				en,
				Base,
			);
			mainGroup = 2353A5EE17CE19B5005CF3CC;
			productRefGroup = 2353A5FA17CE1AD7005CF3CC /* Products */;
			projectDirPath = "";
			projectRoot = "";
			targets = (
				2353A61B17CE1AEC005CF3CC /* sigchainlib */,
			);
		};
/* End PBXProject section */

/* Begin PBXSourcesBuildPhase section */
		2353A61817CE1AEC005CF3CC /* Sources */ = {
			isa = PBXSourcesBuildPhase;
			buildActionMask = 2147483647;
			files = (
				238452F619E2BA00000DFC86 /* sigchain.cc in Sources */,
			);
			runOnlyForDeploymentPostprocessing = 0;
		};
/* End PBXSourcesBuildPhase section */

/* Begin XCBuildConfiguration section */
		2353A5F317CE19B5005CF3CC /* Debug-ios */ = {
			isa = XCBuildConfiguration;
			buildSettings = {
				ALWAYS_SEARCH_USER_PATHS = NO;
				ANDROID_ROOT = "$(SRCROOT)/../../../../../aosp";
				ARCHS = "$(ARCHS_STANDARD)";
				CLANG_CXX_LANGUAGE_STANDARD = "gnu++0x";
				CLANG_CXX_LIBRARY = "libc++";
				CONFIGURATION_BUILD_DIR = "$(BUILD_DIR)/$(CONFIGURATION)-$(PLATFORM_NAME)";
				CONFIGURATION_TEMP_DIR = "$(PROJECT_TEMP_DIR)/$(CONFIGURATION)-$(PLATFORM_NAME)";
				COPY_PHASE_STRIP = NO;
				DEAD_CODE_STRIPPING = YES;
				GCC_ENABLE_CPP_EXCEPTIONS = YES;
				GCC_ENABLE_OBJC_EXCEPTIONS = NO;
				GCC_OPTIMIZATION_LEVEL = 0;
				GCC_PREPROCESSOR_DEFINITIONS = (
					"ANDROID_SMP=1",
					ANDROID,
					"MOE=1",
					HAVE_LITTLE_ENDIAN,
					"MOE_DEBUG=1",
				);
				HEADER_SEARCH_PATHS = "";
				IPHONEOS_DEPLOYMENT_TARGET = 8.0;
				MACOSX_DEPLOYMENT_TARGET = 10.11;
				OTHER_CFLAGS = (
					"-fexceptions",
					"-fstack-protector-strong",
				);
				SDKROOT = iphoneos;
				SYMROOT = build/xcode;
				TARGETED_DEVICE_FAMILY = "1,2";
				WARNING_CFLAGS = (
					"-Wno-comment",
					"-Wformat",
					"-Wformat-security",
				);
			};
			name = "Debug-ios";
		};
		2353A5F417CE19B5005CF3CC /* Release-ios */ = {
			isa = XCBuildConfiguration;
			buildSettings = {
				ALWAYS_SEARCH_USER_PATHS = NO;
				ANDROID_ROOT = "$(SRCROOT)/../../../../../aosp";
				ARCHS = "$(ARCHS_STANDARD)";
				CLANG_CXX_LANGUAGE_STANDARD = "gnu++0x";
				CLANG_CXX_LIBRARY = "libc++";
				CONFIGURATION_BUILD_DIR = "$(BUILD_DIR)/$(CONFIGURATION)-$(PLATFORM_NAME)";
				CONFIGURATION_TEMP_DIR = "$(PROJECT_TEMP_DIR)/$(CONFIGURATION)-$(PLATFORM_NAME)";
				DEAD_CODE_STRIPPING = YES;
				GCC_ENABLE_CPP_EXCEPTIONS = YES;
				GCC_ENABLE_OBJC_EXCEPTIONS = NO;
				GCC_GENERATE_DEBUGGING_SYMBOLS = NO;
				GCC_PREPROCESSOR_DEFINITIONS = (
					"ANDROID_SMP=1",
					ANDROID,
					"MOE=1",
					HAVE_LITTLE_ENDIAN,
					MOE_NDEBUG,
				);
				HEADER_SEARCH_PATHS = "";
				IPHONEOS_DEPLOYMENT_TARGET = 8.0;
				MACOSX_DEPLOYMENT_TARGET = 10.11;
				OTHER_CFLAGS = (
					"-fexceptions",
					"-fstack-protector-strong",
				);
				SDKROOT = iphoneos;
				SYMROOT = build/xcode;
				TARGETED_DEVICE_FAMILY = "1,2";
				WARNING_CFLAGS = (
					"-Wno-comment",
					"-Wformat",
					"-Wformat-security",
				);
			};
			name = "Release-ios";
		};
		2353A62617CE1AEC005CF3CC /* Debug-ios */ = {
			isa = XCBuildConfiguration;
			buildSettings = {
				CLANG_CXX_LANGUAGE_STANDARD = "gnu++0x";
				CLANG_CXX_LIBRARY = "libc++";
				CLANG_WARN_CONSTANT_CONVERSION = YES;
				CLANG_WARN_EMPTY_BODY = YES;
				CLANG_WARN_ENUM_CONVERSION = YES;
				CLANG_WARN_INT_CONVERSION = YES;
				CLANG_WARN__DUPLICATE_METHOD_MATCH = YES;
				DSTROOT = /tmp/dex.dst;
				GCC_C_LANGUAGE_STANDARD = gnu99;
				GCC_DYNAMIC_NO_PIC = NO;
				GCC_PRECOMPILE_PREFIX_HEADER = YES;
				GCC_PREFIX_HEADER = "$(SRCROOT)/../moe.base/src/main/native/MOE-Prefix.pch";
				GCC_WARN_ABOUT_RETURN_TYPE = YES;
				GCC_WARN_UNINITIALIZED_AUTOS = YES;
				HEADER_SEARCH_PATHS = (
					"\"$(ANDROID_ROOT)/system/core/include\"",
					"\"$(ANDROID_ROOT)/external/gtest/include\"",
					"\"$(ANDROID_ROOT)/art/runtime\"",
					"\"$(ANDROID_ROOT)/libnativehelper/include/nativehelper\"",
					"\"$(ANDROID_ROOT)/external/valgrind/main/include\"",
				);
				OTHER_LDFLAGS = "-ObjC";
				PRODUCT_NAME = "$(TARGET_NAME)";
				SKIP_INSTALL = YES;
				USER_HEADER_SEARCH_PATHS = "\"$(ANDROID_ROOT)/art\" \"$(ANDROID_ROOT)/art/compiler\" \"$(ANDROID_ROOT)/art/sigchainlib\" \"$(SRCROOT)/../../../../..\"";
			};
			name = "Debug-ios";
		};
		2353A62717CE1AEC005CF3CC /* Release-ios */ = {
			isa = XCBuildConfiguration;
			buildSettings = {
				CLANG_CXX_LANGUAGE_STANDARD = "gnu++0x";
				CLANG_CXX_LIBRARY = "libc++";
				CLANG_WARN_CONSTANT_CONVERSION = YES;
				CLANG_WARN_EMPTY_BODY = YES;
				CLANG_WARN_ENUM_CONVERSION = YES;
				CLANG_WARN_INT_CONVERSION = YES;
				CLANG_WARN__DUPLICATE_METHOD_MATCH = YES;
				DSTROOT = /tmp/dex.dst;
				GCC_C_LANGUAGE_STANDARD = gnu99;
				GCC_PRECOMPILE_PREFIX_HEADER = YES;
				GCC_PREFIX_HEADER = "$(SRCROOT)/../moe.base/src/main/native/MOE-Prefix.pch";
				GCC_WARN_ABOUT_RETURN_TYPE = YES;
				GCC_WARN_UNINITIALIZED_AUTOS = YES;
				HEADER_SEARCH_PATHS = (
					"\"$(ANDROID_ROOT)/system/core/include\"",
					"\"$(ANDROID_ROOT)/external/gtest/include\"",
					"\"$(ANDROID_ROOT)/art/runtime\"",
					"\"$(ANDROID_ROOT)/libnativehelper/include/nativehelper\"",
					"\"$(ANDROID_ROOT)/external/valgrind/main/include\"",
				);
				OTHER_LDFLAGS = "-ObjC";
				PRODUCT_NAME = "$(TARGET_NAME)";
				SKIP_INSTALL = YES;
				USER_HEADER_SEARCH_PATHS = "\"$(ANDROID_ROOT)/art\" \"$(ANDROID_ROOT)/art/compiler\" \"$(ANDROID_ROOT)/art/sigchainlib\" \"$(SRCROOT)/../../../../..\"";
			};
			name = "Release-ios";
		};
		5852ECAA1D8088FC0015F0A9 /* Debug-macos */ = {
			isa = XCBuildConfiguration;
			buildSettings = {
				ALWAYS_SEARCH_USER_PATHS = NO;
				ANDROID_ROOT = "$(SRCROOT)/../../../../../aosp";
				ARCHS = "$(ARCHS_STANDARD)";
				CLANG_CXX_LANGUAGE_STANDARD = "gnu++0x";
				CLANG_CXX_LIBRARY = "libc++";
				CONFIGURATION_BUILD_DIR = "$(BUILD_DIR)/$(CONFIGURATION)-$(PLATFORM_NAME)";
				CONFIGURATION_TEMP_DIR = "$(PROJECT_TEMP_DIR)/$(CONFIGURATION)-$(PLATFORM_NAME)";
				COPY_PHASE_STRIP = NO;
				DEAD_CODE_STRIPPING = YES;
				GCC_ENABLE_CPP_EXCEPTIONS = YES;
				GCC_ENABLE_OBJC_EXCEPTIONS = NO;
				GCC_OPTIMIZATION_LEVEL = 0;
				GCC_PREPROCESSOR_DEFINITIONS = (
					"ANDROID_SMP=1",
					ANDROID,
					"MOE=1",
					HAVE_LITTLE_ENDIAN,
					"MOE_DEBUG=1",
				);
				HEADER_SEARCH_PATHS = "";
				IPHONEOS_DEPLOYMENT_TARGET = 8.0;
				MACOSX_DEPLOYMENT_TARGET = 10.11;
				OTHER_CFLAGS = (
					"-fexceptions",
					"-fstack-protector-strong",
				);
				SDKROOT = macosx;
				SYMROOT = build/xcode;
				TARGETED_DEVICE_FAMILY = "1,2";
				WARNING_CFLAGS = (
					"-Wno-comment",
					"-Wformat",
					"-Wformat-security",
				);
			};
			name = "Debug-macos";
		};
		5852ECAB1D8088FC0015F0A9 /* Debug-macos */ = {
			isa = XCBuildConfiguration;
			buildSettings = {
				CLANG_CXX_LANGUAGE_STANDARD = "gnu++0x";
				CLANG_CXX_LIBRARY = "libc++";
				CLANG_WARN_CONSTANT_CONVERSION = YES;
				CLANG_WARN_EMPTY_BODY = YES;
				CLANG_WARN_ENUM_CONVERSION = YES;
				CLANG_WARN_INT_CONVERSION = YES;
				CLANG_WARN__DUPLICATE_METHOD_MATCH = YES;
				DSTROOT = /tmp/dex.dst;
				GCC_C_LANGUAGE_STANDARD = gnu99;
				GCC_DYNAMIC_NO_PIC = NO;
				GCC_PRECOMPILE_PREFIX_HEADER = YES;
				GCC_PREFIX_HEADER = "$(SRCROOT)/../moe.base/src/main/native/MOE-Prefix.pch";
				GCC_WARN_ABOUT_RETURN_TYPE = YES;
				GCC_WARN_UNINITIALIZED_AUTOS = YES;
				HEADER_SEARCH_PATHS = (
					"\"$(ANDROID_ROOT)/system/core/include\"",
					"\"$(ANDROID_ROOT)/external/gtest/include\"",
					"\"$(ANDROID_ROOT)/art/runtime\"",
					"\"$(ANDROID_ROOT)/libnativehelper/include/nativehelper\"",
					"\"$(ANDROID_ROOT)/external/valgrind/main/include\"",
				);
				OTHER_LDFLAGS = "-ObjC";
				PRODUCT_NAME = "$(TARGET_NAME)";
				SKIP_INSTALL = YES;
				USER_HEADER_SEARCH_PATHS = "\"$(ANDROID_ROOT)/art\" \"$(ANDROID_ROOT)/art/compiler\" \"$(ANDROID_ROOT)/art/sigchainlib\" \"$(SRCROOT)/../../../../..\"";
			};
			name = "Debug-macos";
		};
		5852ECAC1D8088FE0015F0A9 /* Release-macos */ = {
			isa = XCBuildConfiguration;
			buildSettings = {
				ALWAYS_SEARCH_USER_PATHS = NO;
				ANDROID_ROOT = "$(SRCROOT)/../../../../../aosp";
				ARCHS = "$(ARCHS_STANDARD)";
				CLANG_CXX_LANGUAGE_STANDARD = "gnu++0x";
				CLANG_CXX_LIBRARY = "libc++";
				CONFIGURATION_BUILD_DIR = "$(BUILD_DIR)/$(CONFIGURATION)-$(PLATFORM_NAME)";
				CONFIGURATION_TEMP_DIR = "$(PROJECT_TEMP_DIR)/$(CONFIGURATION)-$(PLATFORM_NAME)";
				DEAD_CODE_STRIPPING = YES;
				GCC_ENABLE_CPP_EXCEPTIONS = YES;
				GCC_ENABLE_OBJC_EXCEPTIONS = NO;
				GCC_GENERATE_DEBUGGING_SYMBOLS = NO;
				GCC_PREPROCESSOR_DEFINITIONS = (
					"ANDROID_SMP=1",
					ANDROID,
					"MOE=1",
					HAVE_LITTLE_ENDIAN,
					MOE_NDEBUG,
				);
				HEADER_SEARCH_PATHS = "";
				IPHONEOS_DEPLOYMENT_TARGET = 8.0;
				MACOSX_DEPLOYMENT_TARGET = 10.11;
				OTHER_CFLAGS = (
					"-fexceptions",
					"-fstack-protector-strong",
				);
				SDKROOT = macosx;
				SYMROOT = build/xcode;
				TARGETED_DEVICE_FAMILY = "1,2";
				WARNING_CFLAGS = (
					"-Wno-comment",
					"-Wformat",
					"-Wformat-security",
				);
			};
			name = "Release-macos";
		};
		5852ECAD1D8088FE0015F0A9 /* Release-macos */ = {
			isa = XCBuildConfiguration;
			buildSettings = {
				CLANG_CXX_LANGUAGE_STANDARD = "gnu++0x";
				CLANG_CXX_LIBRARY = "libc++";
				CLANG_WARN_CONSTANT_CONVERSION = YES;
				CLANG_WARN_EMPTY_BODY = YES;
				CLANG_WARN_ENUM_CONVERSION = YES;
				CLANG_WARN_INT_CONVERSION = YES;
				CLANG_WARN__DUPLICATE_METHOD_MATCH = YES;
				DSTROOT = /tmp/dex.dst;
				GCC_C_LANGUAGE_STANDARD = gnu99;
				GCC_PRECOMPILE_PREFIX_HEADER = YES;
				GCC_PREFIX_HEADER = "$(SRCROOT)/../moe.base/src/main/native/MOE-Prefix.pch";
				GCC_WARN_ABOUT_RETURN_TYPE = YES;
				GCC_WARN_UNINITIALIZED_AUTOS = YES;
				HEADER_SEARCH_PATHS = (
					"\"$(ANDROID_ROOT)/system/core/include\"",
					"\"$(ANDROID_ROOT)/external/gtest/include\"",
					"\"$(ANDROID_ROOT)/art/runtime\"",
					"\"$(ANDROID_ROOT)/libnativehelper/include/nativehelper\"",
					"\"$(ANDROID_ROOT)/external/valgrind/main/include\"",
				);
				OTHER_LDFLAGS = "-ObjC";
				PRODUCT_NAME = "$(TARGET_NAME)";
				SKIP_INSTALL = YES;
				USER_HEADER_SEARCH_PATHS = "\"$(ANDROID_ROOT)/art\" \"$(ANDROID_ROOT)/art/compiler\" \"$(ANDROID_ROOT)/art/sigchainlib\" \"$(SRCROOT)/../../../../..\"";
			};
			name = "Release-macos";
		};
/* End XCBuildConfiguration section */

/* Begin XCConfigurationList section */
		2353A5F217CE19B5005CF3CC /* Build configuration list for PBXProject "android.art.sigchainlib" */ = {
			isa = XCConfigurationList;
			buildConfigurations = (
				2353A5F317CE19B5005CF3CC /* Debug-ios */,
				5852ECAA1D8088FC0015F0A9 /* Debug-macos */,
				2353A5F417CE19B5005CF3CC /* Release-ios */,
				5852ECAC1D8088FE0015F0A9 /* Release-macos */,
			);
			defaultConfigurationIsVisible = 0;
			defaultConfigurationName = "Release-ios";
		};
		2353A62517CE1AEC005CF3CC /* Build configuration list for PBXNativeTarget "sigchainlib" */ = {
			isa = XCConfigurationList;
			buildConfigurations = (
				2353A62617CE1AEC005CF3CC /* Debug-ios */,
				5852ECAB1D8088FC0015F0A9 /* Debug-macos */,
				2353A62717CE1AEC005CF3CC /* Release-ios */,
				5852ECAD1D8088FE0015F0A9 /* Release-macos */,
			);
			defaultConfigurationIsVisible = 0;
			defaultConfigurationName = "Release-ios";
		};
/* End XCConfigurationList section */
	};
	rootObject = 2353A5EF17CE19B5005CF3CC /* Project object */;
}
