// !$*UTF8*$!
{
	archiveVersion = 1;
	classes = {
	};
	objectVersion = 46;
	objects = {

/* Begin PBXBuildFile section */
		2306E5FC1BD7B36B009C2351 /* zip_writer.cc in Sources */ = {isa = PBXBuildFile; fileRef = 2306E5FB1BD7B36B009C2351 /* zip_writer.cc */; };
		23F4C1FB18CDD10B00EF5181 /* zip_archive.cc in Sources */ = {isa = PBXBuildFile; fileRef = 23F4C1FA18CDD10B00EF5181 /* zip_archive.cc */; };
/* End PBXBuildFile section */

/* Begin PBXFileReference section */
		2306E5FA1BD7B36B009C2351 /* zip_archive_common.h */ = {isa = PBXFileReference; fileEncoding = 4; lastKnownFileType = sourcecode.c.h; path = zip_archive_common.h; sourceTree = "<group>"; };
		2306E5FB1BD7B36B009C2351 /* zip_writer.cc */ = {isa = PBXFileReference; fileEncoding = 4; lastKnownFileType = sourcecode.cpp.cpp; path = zip_writer.cc; sourceTree = "<group>"; };
		2350E7BE18DA17BD00285E6C /* AndroidConfig.h */ = {isa = PBXFileReference; lastKnownFileType = sourcecode.c.h; path = AndroidConfig.h; sourceTree = "<group>"; };
		2395DA6E1877109700950DD5 /* MOE-Common.h */ = {isa = PBXFileReference; lastKnownFileType = sourcecode.c.h; path = "MOE-Common.h"; sourceTree = "<group>"; };
		239B362219E2D14D00BECDFA /* LibZipArchive-Prefix.pch */ = {isa = PBXFileReference; lastKnownFileType = sourcecode.c.h; path = "LibZipArchive-Prefix.pch"; sourceTree = "<group>"; };
		23A22F70187594F00060BF79 /* MOE-Prefix.pch */ = {isa = PBXFileReference; fileEncoding = 4; lastKnownFileType = sourcecode.c.h; path = "MOE-Prefix.pch"; sourceTree = "<group>"; };
		23F4C1BE18CDD09300EF5181 /* liblibziparchive.a */ = {isa = PBXFileReference; explicitFileType = archive.ar; includeInIndex = 0; path = liblibziparchive.a; sourceTree = BUILT_PRODUCTS_DIR; };
		23F4C1FA18CDD10B00EF5181 /* zip_archive.cc */ = {isa = PBXFileReference; fileEncoding = 4; lastKnownFileType = sourcecode.cpp.cpp; path = zip_archive.cc; sourceTree = "<group>"; };
/* End PBXFileReference section */

/* Begin PBXFrameworksBuildPhase section */
		23F4C1BB18CDD09300EF5181 /* Frameworks */ = {
			isa = PBXFrameworksBuildPhase;
			buildActionMask = 2147483647;
			files = (
			);
			runOnlyForDeploymentPostprocessing = 0;
		};
/* End PBXFrameworksBuildPhase section */

/* Begin PBXGroup section */
		2353A5EE17CE19B5005CF3CC = {
			isa = PBXGroup;
			children = (
				D9A0F132183A94F500523C62 /* Android Root */,
				239B362119E2D13700BECDFA /* Supporting Files */,
				2353A83917CE26CD005CF3CC /* Common Configuration */,
				2353A5FA17CE1AD7005CF3CC /* Products */,
			);
			sourceTree = "<group>";
		};
		2353A5FA17CE1AD7005CF3CC /* Products */ = {
			isa = PBXGroup;
			children = (
				23F4C1BE18CDD09300EF5181 /* liblibziparchive.a */,
			);
			name = Products;
			path = MOE;
			sourceTree = "<group>";
		};
		2353A83917CE26CD005CF3CC /* Common Configuration */ = {
			isa = PBXGroup;
			children = (
				2350E7BE18DA17BD00285E6C /* AndroidConfig.h */,
				2395DA6E1877109700950DD5 /* MOE-Common.h */,
				23A22F70187594F00060BF79 /* MOE-Prefix.pch */,
			);
			name = "Common Configuration";
			path = ../moe.base/src/main/native;
			sourceTree = "<group>";
		};
		239B362119E2D13700BECDFA /* Supporting Files */ = {
			isa = PBXGroup;
			children = (
				239B362219E2D14D00BECDFA /* LibZipArchive-Prefix.pch */,
			);
			name = "Supporting Files";
			path = src/main/native;
			sourceTree = "<group>";
		};
		23F4C1B718CDCE5000EF5181 /* system */ = {
			isa = PBXGroup;
			children = (
				23F4C1B818CDCEB000EF5181 /* core */,
			);
			path = system;
			sourceTree = "<group>";
		};
		23F4C1B818CDCEB000EF5181 /* core */ = {
			isa = PBXGroup;
			children = (
				23F4C1F918CDD0DF00EF5181 /* libziparchive */,
			);
			path = core;
			sourceTree = "<group>";
		};
		23F4C1F918CDD0DF00EF5181 /* libziparchive */ = {
			isa = PBXGroup;
			children = (
				2306E5FA1BD7B36B009C2351 /* zip_archive_common.h */,
				2306E5FB1BD7B36B009C2351 /* zip_writer.cc */,
				23F4C1FA18CDD10B00EF5181 /* zip_archive.cc */,
			);
			path = libziparchive;
			sourceTree = "<group>";
		};
		D9A0F132183A94F500523C62 /* Android Root */ = {
			isa = PBXGroup;
			children = (
				23F4C1B718CDCE5000EF5181 /* system */,
			);
			name = "Android Root";
			path = ../../../../../aosp;
			sourceTree = SOURCE_ROOT;
		};
/* End PBXGroup section */

/* Begin PBXNativeTarget section */
		23F4C1BD18CDD09300EF5181 /* libziparchive */ = {
			isa = PBXNativeTarget;
			buildConfigurationList = 23F4C1BF18CDD09300EF5181 /* Build configuration list for PBXNativeTarget "libziparchive" */;
			buildPhases = (
				23F4C1BA18CDD09300EF5181 /* Sources */,
				23F4C1BB18CDD09300EF5181 /* Frameworks */,
			);
			buildRules = (
			);
			dependencies = (
			);
			name = libziparchive;
			productName = system;
			productReference = 23F4C1BE18CDD09300EF5181 /* liblibziparchive.a */;
			productType = "com.apple.product-type.library.static";
		};
/* End PBXNativeTarget section */

/* Begin PBXProject section */
		2353A5EF17CE19B5005CF3CC /* Project object */ = {
			isa = PBXProject;
			attributes = {
				LastUpgradeCheck = 0600;
			};
			buildConfigurationList = 2353A5F217CE19B5005CF3CC /* Build configuration list for PBXProject "android.system.core.libziparchive" */;
			compatibilityVersion = "Xcode 3.2";
			developmentRegion = English;
			hasScannedForEncodings = 0;
			knownRegions = (
				en,
				Base,
			);
			mainGroup = 2353A5EE17CE19B5005CF3CC;
			productRefGroup = 2353A5FA17CE1AD7005CF3CC /* Products */;
			projectDirPath = "";
			projectRoot = "";
			targets = (
				23F4C1BD18CDD09300EF5181 /* libziparchive */,
			);
		};
/* End PBXProject section */

/* Begin PBXSourcesBuildPhase section */
		23F4C1BA18CDD09300EF5181 /* Sources */ = {
			isa = PBXSourcesBuildPhase;
			buildActionMask = 2147483647;
			files = (
				2306E5FC1BD7B36B009C2351 /* zip_writer.cc in Sources */,
				23F4C1FB18CDD10B00EF5181 /* zip_archive.cc in Sources */,
			);
			runOnlyForDeploymentPostprocessing = 0;
		};
/* End PBXSourcesBuildPhase section */

/* Begin XCBuildConfiguration section */
		2353A5F317CE19B5005CF3CC /* Debug-ios */ = {
			isa = XCBuildConfiguration;
			buildSettings = {
				ALWAYS_SEARCH_USER_PATHS = NO;
				ANDROID_ROOT = "$(SRCROOT)/../../../../../aosp";
				ARCHS = "$(ARCHS_STANDARD)";
				CLANG_CXX_LANGUAGE_STANDARD = "gnu++0x";
				CLANG_CXX_LIBRARY = "libc++";
				CONFIGURATION_BUILD_DIR = "$(BUILD_DIR)/$(CONFIGURATION)-$(PLATFORM_NAME)";
				CONFIGURATION_TEMP_DIR = "$(PROJECT_TEMP_DIR)/$(CONFIGURATION)-$(PLATFORM_NAME)";
				COPY_PHASE_STRIP = NO;
				DEAD_CODE_STRIPPING = YES;
				DEBUG_INFORMATION_FORMAT = "dwarf-with-dsym";
				GCC_ENABLE_CPP_EXCEPTIONS = YES;
				GCC_ENABLE_OBJC_EXCEPTIONS = NO;
				GCC_OPTIMIZATION_LEVEL = 0;
				GCC_PREPROCESSOR_DEFINITIONS = (
					"ANDROID_SMP=1",
					ANDROID,
					"MOE=1",
					HAVE_LITTLE_ENDIAN,
					"DEBUG=1",
				);
				HEADER_SEARCH_PATHS = "";
				IPHONEOS_DEPLOYMENT_TARGET = 8.0;
				MACOSX_DEPLOYMENT_TARGET = 10.11;
				OTHER_CFLAGS = (
					"-fexceptions",
					"-fstack-protector-strong",
				);
				SDKROOT = iphoneos;
				SYMROOT = build/xcode;
				TARGETED_DEVICE_FAMILY = "1,2";
				WARNING_CFLAGS = (
					"-Wno-comment",
					"-Wformat",
					"-Wformat-security",
				);
			};
			name = "Debug-ios";
		};
		2353A5F417CE19B5005CF3CC /* Release-ios */ = {
			isa = XCBuildConfiguration;
			buildSettings = {
				ALWAYS_SEARCH_USER_PATHS = NO;
				ANDROID_ROOT = "$(SRCROOT)/../../../../../aosp";
				ARCHS = "$(ARCHS_STANDARD)";
				CLANG_CXX_LANGUAGE_STANDARD = "gnu++0x";
				CLANG_CXX_LIBRARY = "libc++";
				CONFIGURATION_BUILD_DIR = "$(BUILD_DIR)/$(CONFIGURATION)-$(PLATFORM_NAME)";
				CONFIGURATION_TEMP_DIR = "$(PROJECT_TEMP_DIR)/$(CONFIGURATION)-$(PLATFORM_NAME)";
				DEAD_CODE_STRIPPING = YES;
				DEBUG_INFORMATION_FORMAT = "";
				GCC_ENABLE_CPP_EXCEPTIONS = YES;
				GCC_ENABLE_OBJC_EXCEPTIONS = NO;
				GCC_GENERATE_DEBUGGING_SYMBOLS = NO;
				GCC_PREPROCESSOR_DEFINITIONS = (
					"ANDROID_SMP=1",
					ANDROID,
					"MOE=1",
					HAVE_LITTLE_ENDIAN,
					NDEBUG,
				);
				HEADER_SEARCH_PATHS = "";
				IPHONEOS_DEPLOYMENT_TARGET = 8.0;
				MACOSX_DEPLOYMENT_TARGET = 10.11;
				OTHER_CFLAGS = (
					"-fexceptions",
					"-fstack-protector-strong",
				);
				SDKROOT = iphoneos;
				SYMROOT = build/xcode;
				TARGETED_DEVICE_FAMILY = "1,2";
				WARNING_CFLAGS = (
					"-Wno-comment",
					"-Wformat",
					"-Wformat-security",
				);
			};
			name = "Release-ios";
		};
		23F4C1C018CDD09300EF5181 /* Debug-ios */ = {
			isa = XCBuildConfiguration;
			buildSettings = {
				GCC_DYNAMIC_NO_PIC = NO;
				GCC_PREFIX_HEADER = "$(SRCROOT)/src/main/native/LibZipArchive-Prefix.pch";
				GCC_SYMBOLS_PRIVATE_EXTERN = NO;
				HEADER_SEARCH_PATHS = (
					"\"$(ANDROID_ROOT)/system/core/include\"",
					"\"$(ANDROID_ROOT)/libnativehelper/include/nativehelper\"",
				);
				PRODUCT_NAME = "$(TARGET_NAME)";
				USER_HEADER_SEARCH_PATHS = "\"$(ANDROID_ROOT)/system/core/base/include\"";
			};
			name = "Debug-ios";
		};
		23F4C1C118CDD09300EF5181 /* Release-ios */ = {
			isa = XCBuildConfiguration;
			buildSettings = {
				GCC_PREFIX_HEADER = "$(SRCROOT)/src/main/native/LibZipArchive-Prefix.pch";
				HEADER_SEARCH_PATHS = (
					"\"$(ANDROID_ROOT)/system/core/include\"",
					"\"$(ANDROID_ROOT)/libnativehelper/include/nativehelper\"",
				);
				PRODUCT_NAME = "$(TARGET_NAME)";
				USER_HEADER_SEARCH_PATHS = "\"$(ANDROID_ROOT)/system/core/base/include\"";
			};
			name = "Release-ios";
		};
		58C07DCD1D8165CE008A3A6C /* Debug-macos */ = {
			isa = XCBuildConfiguration;
			buildSettings = {
				ALWAYS_SEARCH_USER_PATHS = NO;
				ANDROID_ROOT = "$(SRCROOT)/../../../../../aosp";
				ARCHS = "$(ARCHS_STANDARD)";
				CLANG_CXX_LANGUAGE_STANDARD = "gnu++0x";
				CLANG_CXX_LIBRARY = "libc++";
				CONFIGURATION_BUILD_DIR = "$(BUILD_DIR)/$(CONFIGURATION)-$(PLATFORM_NAME)";
				CONFIGURATION_TEMP_DIR = "$(PROJECT_TEMP_DIR)/$(CONFIGURATION)-$(PLATFORM_NAME)";
				COPY_PHASE_STRIP = NO;
				DEAD_CODE_STRIPPING = YES;
				DEBUG_INFORMATION_FORMAT = "dwarf-with-dsym";
				GCC_ENABLE_CPP_EXCEPTIONS = YES;
				GCC_ENABLE_OBJC_EXCEPTIONS = NO;
				GCC_OPTIMIZATION_LEVEL = 0;
				GCC_PREPROCESSOR_DEFINITIONS = (
					"ANDROID_SMP=1",
					ANDROID,
					"MOE=1",
					HAVE_LITTLE_ENDIAN,
					"DEBUG=1",
				);
				HEADER_SEARCH_PATHS = "";
				IPHONEOS_DEPLOYMENT_TARGET = 8.0;
				MACOSX_DEPLOYMENT_TARGET = 10.11;
				OTHER_CFLAGS = (
					"-fexceptions",
					"-fstack-protector-strong",
				);
				SDKROOT = macosx;
				SYMROOT = build/xcode;
				TARGETED_DEVICE_FAMILY = "1,2";
				WARNING_CFLAGS = (
					"-Wno-comment",
					"-Wformat",
					"-Wformat-security",
				);
			};
			name = "Debug-macos";
		};
		58C07DCE1D8165CE008A3A6C /* Debug-macos */ = {
			isa = XCBuildConfiguration;
			buildSettings = {
				GCC_DYNAMIC_NO_PIC = NO;
				GCC_PREFIX_HEADER = "$(SRCROOT)/src/main/native/LibZipArchive-Prefix.pch";
				GCC_SYMBOLS_PRIVATE_EXTERN = NO;
				HEADER_SEARCH_PATHS = (
					"\"$(ANDROID_ROOT)/system/core/include\"",
					"\"$(ANDROID_ROOT)/libnativehelper/include/nativehelper\"",
				);
				PRODUCT_NAME = "$(TARGET_NAME)";
				USER_HEADER_SEARCH_PATHS = "\"$(ANDROID_ROOT)/system/core/base/include\"";
			};
			name = "Debug-macos";
		};
		58C07DCF1D8165CF008A3A6C /* Release-macos */ = {
			isa = XCBuildConfiguration;
			buildSettings = {
				ALWAYS_SEARCH_USER_PATHS = NO;
				ANDROID_ROOT = "$(SRCROOT)/../../../../../aosp";
				ARCHS = "$(ARCHS_STANDARD)";
				CLANG_CXX_LANGUAGE_STANDARD = "gnu++0x";
				CLANG_CXX_LIBRARY = "libc++";
				CONFIGURATION_BUILD_DIR = "$(BUILD_DIR)/$(CONFIGURATION)-$(PLATFORM_NAME)";
				CONFIGURATION_TEMP_DIR = "$(PROJECT_TEMP_DIR)/$(CONFIGURATION)-$(PLATFORM_NAME)";
				DEAD_CODE_STRIPPING = YES;
				GCC_ENABLE_CPP_EXCEPTIONS = YES;
				GCC_ENABLE_OBJC_EXCEPTIONS = NO;
				GCC_GENERATE_DEBUGGING_SYMBOLS = NO;
				GCC_PREPROCESSOR_DEFINITIONS = (
					"ANDROID_SMP=1",
					ANDROID,
					"MOE=1",
					HAVE_LITTLE_ENDIAN,
					NDEBUG,
				);
				HEADER_SEARCH_PATHS = "";
				IPHONEOS_DEPLOYMENT_TARGET = 8.0;
				MACOSX_DEPLOYMENT_TARGET = 10.11;
				OTHER_CFLAGS = (
					"-fexceptions",
					"-fstack-protector-strong",
				);
				SDKROOT = macosx;
				SYMROOT = build/xcode;
				TARGETED_DEVICE_FAMILY = "1,2";
				WARNING_CFLAGS = (
					"-Wno-comment",
					"-Wformat",
					"-Wformat-security",
				);
			};
			name = "Release-macos";
		};
		58C07DD01D8165CF008A3A6C /* Release-macos */ = {
			isa = XCBuildConfiguration;
			buildSettings = {
				GCC_PREFIX_HEADER = "$(SRCROOT)/src/main/native/LibZipArchive-Prefix.pch";
				HEADER_SEARCH_PATHS = (
					"\"$(ANDROID_ROOT)/system/core/include\"",
					"\"$(ANDROID_ROOT)/libnativehelper/include/nativehelper\"",
				);
				PRODUCT_NAME = "$(TARGET_NAME)";
				USER_HEADER_SEARCH_PATHS = "\"$(ANDROID_ROOT)/system/core/base/include\"";
			};
			name = "Release-macos";
		};
/* End XCBuildConfiguration section */

/* Begin XCConfigurationList section */
		2353A5F217CE19B5005CF3CC /* Build configuration list for PBXProject "android.system.core.libziparchive" */ = {
			isa = XCConfigurationList;
			buildConfigurations = (
				2353A5F317CE19B5005CF3CC /* Debug-ios */,
				58C07DCD1D8165CE008A3A6C /* Debug-macos */,
				2353A5F417CE19B5005CF3CC /* Release-ios */,
				58C07DCF1D8165CF008A3A6C /* Release-macos */,
			);
			defaultConfigurationIsVisible = 0;
			defaultConfigurationName = "Release-ios";
		};
		23F4C1BF18CDD09300EF5181 /* Build configuration list for PBXNativeTarget "libziparchive" */ = {
			isa = XCConfigurationList;
			buildConfigurations = (
				23F4C1C018CDD09300EF5181 /* Debug-ios */,
				58C07DCE1D8165CE008A3A6C /* Debug-macos */,
				23F4C1C118CDD09300EF5181 /* Release-ios */,
				58C07DD01D8165CF008A3A6C /* Release-macos */,
			);
			defaultConfigurationIsVisible = 0;
			defaultConfigurationName = "Release-ios";
		};
/* End XCConfigurationList section */
	};
	rootObject = 2353A5EF17CE19B5005CF3CC /* Project object */;
}
